
Microsoft Visual Studio Solution File, Format Version 12.00
# Visual Studio Version 17
VisualStudioVersion = 17.14.36811.4 d17.14
MinimumVisualStudioVersion = 10.0.40219.1
Project("{FAE04EC0-301F-11D3-BF4B-00C04F79EFBC}") = "RssdpPackageTestConsoleApp", "RssdpPackageTestConsoleApp\RssdpPackageTestConsoleApp.csproj", "{EA8B5F8B-9CDF-4C54-8524-9379624C6E6A}"
EndProject
Project("{FAE04EC0-301F-11D3-BF4B-00C04F79EFBC}") = "RssdpPackageTestMauiApp", "RssdpPackageTestMauiApp\RssdpPackageTestMauiApp.csproj", "{6F316FBD-2D43-4227-AB3A-B4338A965C18}"
EndProject
Global
	GlobalSection(SolutionConfigurationPlatforms) = preSolution
		Debug|Any CPU = Debug|Any CPU
		Release|Any CPU = Release|Any CPU
	EndGlobalSection
	GlobalSection(ProjectConfigurationPlatforms) = postSolution
		{EA8B5F8B-9CDF-4C54-8524-9379624C6E6A}.Debug|Any CPU.ActiveCfg = Debug|Any CPU
		{EA8B5F8B-9CDF-4C54-8524-9379624C6E6A}.Debug|Any CPU.Build.0 = Debug|Any CPU
		{EA8B5F8B-9CDF-4C54-8524-9379624C6E6A}.Release|Any CPU.ActiveCfg = Release|Any CPU
		{EA8B5F8B-9CDF-4C54-8524-9379624C6E6A}.Release|Any CPU.Build.0 = Release|Any CPU
		{6F316FBD-2D43-4227-AB3A-B4338A965C18}.Debug|Any CPU.ActiveCfg = Debug|Any CPU
		{6F316FBD-2D43-4227-AB3A-B4338A965C18}.Debug|Any CPU.Build.0 = Debug|Any CPU
		{6F316FBD-2D43-4227-AB3A-B4338A965C18}.Debug|Any CPU.Deploy.0 = Debug|Any CPU
		{6F316FBD-2D43-4227-AB3A-B4338A965C18}.Release|Any CPU.ActiveCfg = Release|Any CPU
		{6F316FBD-2D43-4227-AB3A-B4338A965C18}.Release|Any CPU.Build.0 = Release|Any CPU
	EndGlobalSection
	GlobalSection(SolutionProperties) = preSolution
		HideSolutionNode = FALSE
	EndGlobalSection
	GlobalSection(ExtensibilityGlobals) = postSolution
		SolutionGuid = {4A729B0C-AEAD-4FDC-BAB1-F4F11A307EF5}
	EndGlobalSection
EndGlobal
