
Microsoft Visual Studio Solution File, Format Version 12.00
# Visual Studio 14
VisualStudioVersion = 14.0.24720.0
MinimumVisualStudioVersion = 10.0.40219.1
Project("{FAE04EC0-301F-11D3-BF4B-00C04F79EFBC}") = "RSSDP.Portable", "RSSDP.Portable\RSSDP.Portable.csproj", "{67F9D3A8-F71E-4428-913F-C37AE82CDB24}"
EndProject
Project("{FAE04EC0-301F-11D3-BF4B-00C04F79EFBC}") = "Rssdp.iOS", "RSSDP.iOS\Rssdp.iOS.csproj", "{4AFFE94F-04DE-44E5-BACA-1B0B9EC7D003}"
EndProject
Project("{2150E333-8FDC-42A3-9474-1A3956D46DE8}") = ".nuget", ".nuget", "{663F1AD9-34F1-480D-A82C-980D3EC8F8B6}"
	ProjectSection(SolutionItems) = preProject
		.nuget\NuGet.Config = .nuget\NuGet.Config
		.nuget\NuGet.exe = .nuget\NuGet.exe
		.nuget\NuGet.targets = .nuget\NuGet.targets
	EndProjectSection
EndProject
Project("{FAE04EC0-301F-11D3-BF4B-00C04F79EFBC}") = "Rssdp.WindowsPhoneSL", "RSSDP.WindowsPhoneSL\Rssdp.WindowsPhoneSL.csproj", "{2C9211AF-4D08-41B3-AC31-13663929E3CF}"
EndProject
Project("{FAE04EC0-301F-11D3-BF4B-00C04F79EFBC}") = "Rssdp.NetFx40", "RSSDP.NetFx40\Rssdp.NetFx40.csproj", "{B74C6F04-6516-4597-BDA1-023036F80095}"
EndProject
Project("{FAE04EC0-301F-11D3-BF4B-00C04F79EFBC}") = "Test.RssdpPortable", "Test.SsdpPortable\Test.RssdpPortable.csproj", "{D8A7D9BA-96CF-47F0-BB66-01025A113F6D}"
EndProject
Project("{FAE04EC0-301F-11D3-BF4B-00C04F79EFBC}") = "Rssdp.Samples", "Rssdp.Samples\Rssdp.Samples.csproj", "{650BA23B-C1BD-4B66-BEA1-8026F941D4ED}"
EndProject
Project("{FAE04EC0-301F-11D3-BF4B-00C04F79EFBC}") = "Rssdp.WinRT", "Rssdp.WinRT\Rssdp.WinRT.csproj", "{62297236-0AD8-4E31-BE6C-91408852FC76}"
EndProject
Project("{FAE04EC0-301F-11D3-BF4B-00C04F79EFBC}") = "Rssdp.UWP10", "Rssdp.UWP10\Rssdp.UWP10.csproj", "{81D54E47-1458-4899-8373-7D1009B41600}"
EndProject
Project("{FAE04EC0-301F-11D3-BF4B-00C04F79EFBC}") = "Rssdp.Android", "Rssdp.Android\Rssdp.Android.csproj", "{1754C9B2-426A-4F49-BBED-15ABCBCE0810}"
EndProject
Project("{FAE04EC0-301F-11D3-BF4B-00C04F79EFBC}") = "Rssdp.Native.Portable", "RSSDP.Native.Portable\Rssdp.Native.Portable.csproj", "{41B22288-FB96-451F-91B7-E278CD381DE5}"
EndProject
Project("{FAE04EC0-301F-11D3-BF4B-00C04F79EFBC}") = "Rssdp.NetCore", "Rssdp.NetCore\Rssdp.NetCore.csproj", "{AB769ED2-0A3D-41B7-A702-0E5B08DA158E}"
EndProject
Global
	GlobalSection(SolutionConfigurationPlatforms) = preSolution
		Debug|Any CPU = Debug|Any CPU
		Debug|ARM = Debug|ARM
		Debug|x64 = Debug|x64
		Debug|x86 = Debug|x86
		Release|Any CPU = Release|Any CPU
		Release|ARM = Release|ARM
		Release|x64 = Release|x64
		Release|x86 = Release|x86
	EndGlobalSection
	GlobalSection(ProjectConfigurationPlatforms) = postSolution
		{67F9D3A8-F71E-4428-913F-C37AE82CDB24}.Debug|Any CPU.ActiveCfg = Debug|Any CPU
		{67F9D3A8-F71E-4428-913F-C37AE82CDB24}.Debug|Any CPU.Build.0 = Debug|Any CPU
		{67F9D3A8-F71E-4428-913F-C37AE82CDB24}.Debug|ARM.ActiveCfg = Debug|Any CPU
		{67F9D3A8-F71E-4428-913F-C37AE82CDB24}.Debug|x64.ActiveCfg = Debug|Any CPU
		{67F9D3A8-F71E-4428-913F-C37AE82CDB24}.Debug|x64.Build.0 = Debug|Any CPU
		{67F9D3A8-F71E-4428-913F-C37AE82CDB24}.Debug|x86.ActiveCfg = Debug|Any CPU
		{67F9D3A8-F71E-4428-913F-C37AE82CDB24}.Release|Any CPU.ActiveCfg = Release|Any CPU
		{67F9D3A8-F71E-4428-913F-C37AE82CDB24}.Release|Any CPU.Build.0 = Release|Any CPU
		{67F9D3A8-F71E-4428-913F-C37AE82CDB24}.Release|ARM.ActiveCfg = Release|Any CPU
		{67F9D3A8-F71E-4428-913F-C37AE82CDB24}.Release|ARM.Build.0 = Release|Any CPU
		{67F9D3A8-F71E-4428-913F-C37AE82CDB24}.Release|x64.ActiveCfg = Release|Any CPU
		{67F9D3A8-F71E-4428-913F-C37AE82CDB24}.Release|x64.Build.0 = Release|Any CPU
		{67F9D3A8-F71E-4428-913F-C37AE82CDB24}.Release|x86.ActiveCfg = Release|Any CPU
		{67F9D3A8-F71E-4428-913F-C37AE82CDB24}.Release|x86.Build.0 = Release|Any CPU
		{4AFFE94F-04DE-44E5-BACA-1B0B9EC7D003}.Debug|Any CPU.ActiveCfg = Debug|Any CPU
		{4AFFE94F-04DE-44E5-BACA-1B0B9EC7D003}.Debug|Any CPU.Build.0 = Debug|Any CPU
		{4AFFE94F-04DE-44E5-BACA-1B0B9EC7D003}.Debug|ARM.ActiveCfg = Debug|Any CPU
		{4AFFE94F-04DE-44E5-BACA-1B0B9EC7D003}.Debug|x64.ActiveCfg = Debug|Any CPU
		{4AFFE94F-04DE-44E5-BACA-1B0B9EC7D003}.Debug|x64.Build.0 = Debug|Any CPU
		{4AFFE94F-04DE-44E5-BACA-1B0B9EC7D003}.Debug|x86.ActiveCfg = Debug|Any CPU
		{4AFFE94F-04DE-44E5-BACA-1B0B9EC7D003}.Release|Any CPU.ActiveCfg = Release|Any CPU
		{4AFFE94F-04DE-44E5-BACA-1B0B9EC7D003}.Release|Any CPU.Build.0 = Release|Any CPU
		{4AFFE94F-04DE-44E5-BACA-1B0B9EC7D003}.Release|ARM.ActiveCfg = Release|Any CPU
		{4AFFE94F-04DE-44E5-BACA-1B0B9EC7D003}.Release|ARM.Build.0 = Release|Any CPU
		{4AFFE94F-04DE-44E5-BACA-1B0B9EC7D003}.Release|x64.ActiveCfg = Release|Any CPU
		{4AFFE94F-04DE-44E5-BACA-1B0B9EC7D003}.Release|x64.Build.0 = Release|Any CPU
		{4AFFE94F-04DE-44E5-BACA-1B0B9EC7D003}.Release|x86.ActiveCfg = Release|Any CPU
		{4AFFE94F-04DE-44E5-BACA-1B0B9EC7D003}.Release|x86.Build.0 = Release|Any CPU
		{2C9211AF-4D08-41B3-AC31-13663929E3CF}.Debug|Any CPU.ActiveCfg = Debug|Any CPU
		{2C9211AF-4D08-41B3-AC31-13663929E3CF}.Debug|Any CPU.Build.0 = Debug|Any CPU
		{2C9211AF-4D08-41B3-AC31-13663929E3CF}.Debug|ARM.ActiveCfg = Debug|ARM
		{2C9211AF-4D08-41B3-AC31-13663929E3CF}.Debug|ARM.Build.0 = Debug|ARM
		{2C9211AF-4D08-41B3-AC31-13663929E3CF}.Debug|x64.ActiveCfg = Debug|Any CPU
		{2C9211AF-4D08-41B3-AC31-13663929E3CF}.Debug|x64.Build.0 = Debug|Any CPU
		{2C9211AF-4D08-41B3-AC31-13663929E3CF}.Debug|x86.ActiveCfg = Debug|x86
		{2C9211AF-4D08-41B3-AC31-13663929E3CF}.Debug|x86.Build.0 = Debug|x86
		{2C9211AF-4D08-41B3-AC31-13663929E3CF}.Release|Any CPU.ActiveCfg = Release|Any CPU
		{2C9211AF-4D08-41B3-AC31-13663929E3CF}.Release|Any CPU.Build.0 = Release|Any CPU
		{2C9211AF-4D08-41B3-AC31-13663929E3CF}.Release|ARM.ActiveCfg = Release|ARM
		{2C9211AF-4D08-41B3-AC31-13663929E3CF}.Release|ARM.Build.0 = Release|ARM
		{2C9211AF-4D08-41B3-AC31-13663929E3CF}.Release|x64.ActiveCfg = Release|Any CPU
		{2C9211AF-4D08-41B3-AC31-13663929E3CF}.Release|x64.Build.0 = Release|Any CPU
		{2C9211AF-4D08-41B3-AC31-13663929E3CF}.Release|x86.ActiveCfg = Release|x86
		{2C9211AF-4D08-41B3-AC31-13663929E3CF}.Release|x86.Build.0 = Release|x86
		{B74C6F04-6516-4597-BDA1-023036F80095}.Debug|Any CPU.ActiveCfg = Debug|Any CPU
		{B74C6F04-6516-4597-BDA1-023036F80095}.Debug|Any CPU.Build.0 = Debug|Any CPU
		{B74C6F04-6516-4597-BDA1-023036F80095}.Debug|ARM.ActiveCfg = Debug|Any CPU
		{B74C6F04-6516-4597-BDA1-023036F80095}.Debug|x64.ActiveCfg = Debug|Any CPU
		{B74C6F04-6516-4597-BDA1-023036F80095}.Debug|x64.Build.0 = Debug|Any CPU
		{B74C6F04-6516-4597-BDA1-023036F80095}.Debug|x86.ActiveCfg = Debug|Any CPU
		{B74C6F04-6516-4597-BDA1-023036F80095}.Release|Any CPU.ActiveCfg = Release|Any CPU
		{B74C6F04-6516-4597-BDA1-023036F80095}.Release|Any CPU.Build.0 = Release|Any CPU
		{B74C6F04-6516-4597-BDA1-023036F80095}.Release|ARM.ActiveCfg = Release|Any CPU
		{B74C6F04-6516-4597-BDA1-023036F80095}.Release|x64.ActiveCfg = Release|x64
		{B74C6F04-6516-4597-BDA1-023036F80095}.Release|x64.Build.0 = Release|x64
		{B74C6F04-6516-4597-BDA1-023036F80095}.Release|x86.ActiveCfg = Release|x86
		{B74C6F04-6516-4597-BDA1-023036F80095}.Release|x86.Build.0 = Release|x86
		{D8A7D9BA-96CF-47F0-BB66-01025A113F6D}.Debug|Any CPU.ActiveCfg = Debug|Any CPU
		{D8A7D9BA-96CF-47F0-BB66-01025A113F6D}.Debug|Any CPU.Build.0 = Debug|Any CPU
		{D8A7D9BA-96CF-47F0-BB66-01025A113F6D}.Debug|ARM.ActiveCfg = Debug|Any CPU
		{D8A7D9BA-96CF-47F0-BB66-01025A113F6D}.Debug|x64.ActiveCfg = Debug|Any CPU
		{D8A7D9BA-96CF-47F0-BB66-01025A113F6D}.Debug|x64.Build.0 = Debug|Any CPU
		{D8A7D9BA-96CF-47F0-BB66-01025A113F6D}.Debug|x86.ActiveCfg = Debug|Any CPU
		{D8A7D9BA-96CF-47F0-BB66-01025A113F6D}.Release|Any CPU.ActiveCfg = Release|Any CPU
		{D8A7D9BA-96CF-47F0-BB66-01025A113F6D}.Release|Any CPU.Build.0 = Release|Any CPU
		{D8A7D9BA-96CF-47F0-BB66-01025A113F6D}.Release|ARM.ActiveCfg = Release|Any CPU
		{D8A7D9BA-96CF-47F0-BB66-01025A113F6D}.Release|x64.ActiveCfg = Release|Any CPU
		{D8A7D9BA-96CF-47F0-BB66-01025A113F6D}.Release|x64.Build.0 = Release|Any CPU
		{D8A7D9BA-96CF-47F0-BB66-01025A113F6D}.Release|x86.ActiveCfg = Release|Any CPU
		{D8A7D9BA-96CF-47F0-BB66-01025A113F6D}.Release|x86.Build.0 = Release|Any CPU
		{650BA23B-C1BD-4B66-BEA1-8026F941D4ED}.Debug|Any CPU.ActiveCfg = Debug|Any CPU
		{650BA23B-C1BD-4B66-BEA1-8026F941D4ED}.Debug|Any CPU.Build.0 = Debug|Any CPU
		{650BA23B-C1BD-4B66-BEA1-8026F941D4ED}.Debug|ARM.ActiveCfg = Debug|Any CPU
		{650BA23B-C1BD-4B66-BEA1-8026F941D4ED}.Debug|x64.ActiveCfg = Debug|Any CPU
		{650BA23B-C1BD-4B66-BEA1-8026F941D4ED}.Debug|x64.Build.0 = Debug|Any CPU
		{650BA23B-C1BD-4B66-BEA1-8026F941D4ED}.Debug|x86.ActiveCfg = Debug|Any CPU
		{650BA23B-C1BD-4B66-BEA1-8026F941D4ED}.Release|Any CPU.ActiveCfg = Release|Any CPU
		{650BA23B-C1BD-4B66-BEA1-8026F941D4ED}.Release|Any CPU.Build.0 = Release|Any CPU
		{650BA23B-C1BD-4B66-BEA1-8026F941D4ED}.Release|ARM.ActiveCfg = Release|Any CPU
		{650BA23B-C1BD-4B66-BEA1-8026F941D4ED}.Release|x64.ActiveCfg = Release|x64
		{650BA23B-C1BD-4B66-BEA1-8026F941D4ED}.Release|x64.Build.0 = Release|x64
		{650BA23B-C1BD-4B66-BEA1-8026F941D4ED}.Release|x86.ActiveCfg = Release|x86
		{650BA23B-C1BD-4B66-BEA1-8026F941D4ED}.Release|x86.Build.0 = Release|x86
		{62297236-0AD8-4E31-BE6C-91408852FC76}.Debug|Any CPU.ActiveCfg = Debug|Any CPU
		{62297236-0AD8-4E31-BE6C-91408852FC76}.Debug|Any CPU.Build.0 = Debug|Any CPU
		{62297236-0AD8-4E31-BE6C-91408852FC76}.Debug|ARM.ActiveCfg = Debug|Any CPU
		{62297236-0AD8-4E31-BE6C-91408852FC76}.Debug|x64.ActiveCfg = Debug|Any CPU
		{62297236-0AD8-4E31-BE6C-91408852FC76}.Debug|x64.Build.0 = Debug|Any CPU
		{62297236-0AD8-4E31-BE6C-91408852FC76}.Debug|x86.ActiveCfg = Debug|Any CPU
		{62297236-0AD8-4E31-BE6C-91408852FC76}.Release|Any CPU.ActiveCfg = Release|Any CPU
		{62297236-0AD8-4E31-BE6C-91408852FC76}.Release|Any CPU.Build.0 = Release|Any CPU
		{62297236-0AD8-4E31-BE6C-91408852FC76}.Release|ARM.ActiveCfg = Release|ARM
		{62297236-0AD8-4E31-BE6C-91408852FC76}.Release|ARM.Build.0 = Release|ARM
		{62297236-0AD8-4E31-BE6C-91408852FC76}.Release|x64.ActiveCfg = Release|x64
		{62297236-0AD8-4E31-BE6C-91408852FC76}.Release|x64.Build.0 = Release|x64
		{62297236-0AD8-4E31-BE6C-91408852FC76}.Release|x86.ActiveCfg = Release|x86
		{62297236-0AD8-4E31-BE6C-91408852FC76}.Release|x86.Build.0 = Release|x86
		{81D54E47-1458-4899-8373-7D1009B41600}.Debug|Any CPU.ActiveCfg = Debug|Any CPU
		{81D54E47-1458-4899-8373-7D1009B41600}.Debug|Any CPU.Build.0 = Debug|Any CPU
		{81D54E47-1458-4899-8373-7D1009B41600}.Debug|ARM.ActiveCfg = Debug|ARM
		{81D54E47-1458-4899-8373-7D1009B41600}.Debug|ARM.Build.0 = Debug|ARM
		{81D54E47-1458-4899-8373-7D1009B41600}.Debug|x64.ActiveCfg = Debug|x64
		{81D54E47-1458-4899-8373-7D1009B41600}.Debug|x64.Build.0 = Debug|x64
		{81D54E47-1458-4899-8373-7D1009B41600}.Debug|x86.ActiveCfg = Debug|x86
		{81D54E47-1458-4899-8373-7D1009B41600}.Debug|x86.Build.0 = Debug|x86
		{81D54E47-1458-4899-8373-7D1009B41600}.Release|Any CPU.ActiveCfg = Release|Any CPU
		{81D54E47-1458-4899-8373-7D1009B41600}.Release|Any CPU.Build.0 = Release|Any CPU
		{81D54E47-1458-4899-8373-7D1009B41600}.Release|ARM.ActiveCfg = Release|ARM
		{81D54E47-1458-4899-8373-7D1009B41600}.Release|ARM.Build.0 = Release|ARM
		{81D54E47-1458-4899-8373-7D1009B41600}.Release|x64.ActiveCfg = Release|x64
		{81D54E47-1458-4899-8373-7D1009B41600}.Release|x64.Build.0 = Release|x64
		{81D54E47-1458-4899-8373-7D1009B41600}.Release|x86.ActiveCfg = Release|x86
		{81D54E47-1458-4899-8373-7D1009B41600}.Release|x86.Build.0 = Release|x86
		{1754C9B2-426A-4F49-BBED-15ABCBCE0810}.Debug|Any CPU.ActiveCfg = Debug|Any CPU
		{1754C9B2-426A-4F49-BBED-15ABCBCE0810}.Debug|Any CPU.Build.0 = Debug|Any CPU
		{1754C9B2-426A-4F49-BBED-15ABCBCE0810}.Debug|ARM.ActiveCfg = Debug|Any CPU
		{1754C9B2-426A-4F49-BBED-15ABCBCE0810}.Debug|ARM.Build.0 = Debug|Any CPU
		{1754C9B2-426A-4F49-BBED-15ABCBCE0810}.Debug|x64.ActiveCfg = Debug|Any CPU
		{1754C9B2-426A-4F49-BBED-15ABCBCE0810}.Debug|x64.Build.0 = Debug|Any CPU
		{1754C9B2-426A-4F49-BBED-15ABCBCE0810}.Debug|x86.ActiveCfg = Debug|Any CPU
		{1754C9B2-426A-4F49-BBED-15ABCBCE0810}.Debug|x86.Build.0 = Debug|Any CPU
		{1754C9B2-426A-4F49-BBED-15ABCBCE0810}.Release|Any CPU.ActiveCfg = Release|Any CPU
		{1754C9B2-426A-4F49-BBED-15ABCBCE0810}.Release|Any CPU.Build.0 = Release|Any CPU
		{1754C9B2-426A-4F49-BBED-15ABCBCE0810}.Release|ARM.ActiveCfg = Release|Any CPU
		{1754C9B2-426A-4F49-BBED-15ABCBCE0810}.Release|ARM.Build.0 = Release|Any CPU
		{1754C9B2-426A-4F49-BBED-15ABCBCE0810}.Release|x64.ActiveCfg = Release|Any CPU
		{1754C9B2-426A-4F49-BBED-15ABCBCE0810}.Release|x64.Build.0 = Release|Any CPU
		{1754C9B2-426A-4F49-BBED-15ABCBCE0810}.Release|x86.ActiveCfg = Release|Any CPU
		{1754C9B2-426A-4F49-BBED-15ABCBCE0810}.Release|x86.Build.0 = Release|Any CPU
		{41B22288-FB96-451F-91B7-E278CD381DE5}.Debug|Any CPU.ActiveCfg = Debug|Any CPU
		{41B22288-FB96-451F-91B7-E278CD381DE5}.Debug|Any CPU.Build.0 = Debug|Any CPU
		{41B22288-FB96-451F-91B7-E278CD381DE5}.Debug|ARM.ActiveCfg = Debug|Any CPU
		{41B22288-FB96-451F-91B7-E278CD381DE5}.Debug|ARM.Build.0 = Debug|Any CPU
		{41B22288-FB96-451F-91B7-E278CD381DE5}.Debug|x64.ActiveCfg = Debug|Any CPU
		{41B22288-FB96-451F-91B7-E278CD381DE5}.Debug|x64.Build.0 = Debug|Any CPU
		{41B22288-FB96-451F-91B7-E278CD381DE5}.Debug|x86.ActiveCfg = Debug|Any CPU
		{41B22288-FB96-451F-91B7-E278CD381DE5}.Debug|x86.Build.0 = Debug|Any CPU
		{41B22288-FB96-451F-91B7-E278CD381DE5}.Release|Any CPU.ActiveCfg = Release|Any CPU
		{41B22288-FB96-451F-91B7-E278CD381DE5}.Release|Any CPU.Build.0 = Release|Any CPU
		{41B22288-FB96-451F-91B7-E278CD381DE5}.Release|ARM.ActiveCfg = Release|Any CPU
		{41B22288-FB96-451F-91B7-E278CD381DE5}.Release|ARM.Build.0 = Release|Any CPU
		{41B22288-FB96-451F-91B7-E278CD381DE5}.Release|x64.ActiveCfg = Release|Any CPU
		{41B22288-FB96-451F-91B7-E278CD381DE5}.Release|x64.Build.0 = Release|Any CPU
		{41B22288-FB96-451F-91B7-E278CD381DE5}.Release|x86.ActiveCfg = Release|Any CPU
		{41B22288-FB96-451F-91B7-E278CD381DE5}.Release|x86.Build.0 = Release|Any CPU
		{AB769ED2-0A3D-41B7-A702-0E5B08DA158E}.Debug|Any CPU.ActiveCfg = Debug|Any CPU
		{AB769ED2-0A3D-41B7-A702-0E5B08DA158E}.Debug|Any CPU.Build.0 = Debug|Any CPU
		{AB769ED2-0A3D-41B7-A702-0E5B08DA158E}.Debug|ARM.ActiveCfg = Debug|Any CPU
		{AB769ED2-0A3D-41B7-A702-0E5B08DA158E}.Debug|ARM.Build.0 = Debug|Any CPU
		{AB769ED2-0A3D-41B7-A702-0E5B08DA158E}.Debug|x64.ActiveCfg = Debug|Any CPU
		{AB769ED2-0A3D-41B7-A702-0E5B08DA158E}.Debug|x64.Build.0 = Debug|Any CPU
		{AB769ED2-0A3D-41B7-A702-0E5B08DA158E}.Debug|x86.ActiveCfg = Debug|Any CPU
		{AB769ED2-0A3D-41B7-A702-0E5B08DA158E}.Debug|x86.Build.0 = Debug|Any CPU
		{AB769ED2-0A3D-41B7-A702-0E5B08DA158E}.Release|Any CPU.ActiveCfg = Release|Any CPU
		{AB769ED2-0A3D-41B7-A702-0E5B08DA158E}.Release|Any CPU.Build.0 = Release|Any CPU
		{AB769ED2-0A3D-41B7-A702-0E5B08DA158E}.Release|ARM.ActiveCfg = Release|Any CPU
		{AB769ED2-0A3D-41B7-A702-0E5B08DA158E}.Release|ARM.Build.0 = Release|Any CPU
		{AB769ED2-0A3D-41B7-A702-0E5B08DA158E}.Release|x64.ActiveCfg = Release|Any CPU
		{AB769ED2-0A3D-41B7-A702-0E5B08DA158E}.Release|x64.Build.0 = Release|Any CPU
		{AB769ED2-0A3D-41B7-A702-0E5B08DA158E}.Release|x86.ActiveCfg = Release|Any CPU
		{AB769ED2-0A3D-41B7-A702-0E5B08DA158E}.Release|x86.Build.0 = Release|Any CPU
	EndGlobalSection
	GlobalSection(SolutionProperties) = preSolution
		HideSolutionNode = FALSE
	EndGlobalSection
EndGlobal
