
Microsoft Visual Studio Solution File, Format Version 12.00
# Visual Studio Version 17
VisualStudioVersion = 17.8.34309.116
MinimumVisualStudioVersion = 10.0.40219.1
Project("{2150E333-8FDC-42A3-9474-1A3956D46DE8}") = ".nuget", ".nuget", "{663F1AD9-34F1-480D-A82C-980D3EC8F8B6}"
	ProjectSection(SolutionItems) = preProject
		.nuget\NuGet.Config = .nuget\NuGet.Config
		.nuget\NuGet.exe = .nuget\NuGet.exe
		.nuget\NuGet.targets = .nuget\NuGet.targets
	EndProjectSection
EndProject
Project("{FAE04EC0-301F-11D3-BF4B-00C04F79EFBC}") = "Rssdp.WindowsPhoneSL", "RSSDP.WindowsPhoneSL\Rssdp.WindowsPhoneSL.csproj", "{2C9211AF-4D08-41B3-AC31-13663929E3CF}"
EndProject
Project("{FAE04EC0-301F-11D3-BF4B-00C04F79EFBC}") = "Rssdp.NetFx40", "RSSDP.NetFx40\Rssdp.NetFx40.csproj", "{B74C6F04-6516-4597-BDA1-023036F80095}"
EndProject
Project("{FAE04EC0-301F-11D3-BF4B-00C04F79EFBC}") = "Test.RssdpPortable", "Test.SsdpPortable\Test.RssdpPortable.csproj", "{D8A7D9BA-96CF-47F0-BB66-01025A113F6D}"
EndProject
Project("{FAE04EC0-301F-11D3-BF4B-00C04F79EFBC}") = "Rssdp.Samples", "Rssdp.Samples\Rssdp.Samples.csproj", "{650BA23B-C1BD-4B66-BEA1-8026F941D4ED}"
EndProject
Project("{FAE04EC0-301F-11D3-BF4B-00C04F79EFBC}") = "Rssdp.WinRT", "Rssdp.WinRT\Rssdp.WinRT.csproj", "{62297236-0AD8-4E31-BE6C-91408852FC76}"
EndProject
Project("{FAE04EC0-301F-11D3-BF4B-00C04F79EFBC}") = "Rssdp.NetCore", "Rssdp.NetCore\Rssdp.NetCore.csproj", "{AB769ED2-0A3D-41B7-A702-0E5B08DA158E}"
EndProject
Project("{FAE04EC0-301F-11D3-BF4B-00C04F79EFBC}") = "Rssdp.Net45", "Rssdp.Net45\Rssdp.Net45.csproj", "{1491D1A7-BBD0-4537-9F49-FDDD86D4989C}"
EndProject
Project("{FAE04EC0-301F-11D3-BF4B-00C04F79EFBC}") = "Rssdp.Android", "RSSDP.Android\Rssdp.Android.csproj", "{6878DADE-111F-4FBD-91C7-E9C7479A84BB}"
EndProject
Project("{FAE04EC0-301F-11D3-BF4B-00C04F79EFBC}") = "Rssdp.iOS", "RSSDP.iOS\Rssdp.iOS.csproj", "{899D3D92-5B01-49CE-BD90-A6C90D5321F1}"
EndProject
Project("{D954291E-2A0B-460D-934E-DC6B0785DB48}") = "Rssdp.Shared", "Rssdp.Shared\Rssdp.Shared.shproj", "{CC2B3FBE-239E-4967-B566-1A7E4D9EAF5D}"
EndProject
Project("{FAE04EC0-301F-11D3-BF4B-00C04F79EFBC}") = "Rssdp.Portable", "RSSDP.Portable\Rssdp.Portable.csproj", "{41B22288-FB96-451F-91B7-E278CD381DE5}"
EndProject
Project("{9A19103F-16F7-4668-BE54-9A1E7A4F7556}") = "Rssdp.Net48", "Rssdp.Net48\Rssdp.Net48.csproj", "{4B8CFD65-8215-4372-B79A-A0CDCB83ADAB}"
EndProject
Project("{9A19103F-16F7-4668-BE54-9A1E7A4F7556}") = "Rssdp.Net6.0", "Rssdp.Net6.0\Rssdp.Net6.0.csproj", "{6ECF52C1-3338-4597-9B27-0186003FB2B1}"
EndProject
Project("{9A19103F-16F7-4668-BE54-9A1E7A4F7556}") = "Rssdp.Net8.0", "Rssdp.Net8.0\Rssdp.Net8.0.csproj", "{C6FDC13F-CAE1-4F20-A911-2470599B7B02}"
EndProject
Global
	GlobalSection(SolutionConfigurationPlatforms) = preSolution
		Debug|Any CPU = Debug|Any CPU
		Debug|ARM = Debug|ARM
		Debug|x64 = Debug|x64
		Debug|x86 = Debug|x86
		Release|Any CPU = Release|Any CPU
		Release|ARM = Release|ARM
		Release|x64 = Release|x64
		Release|x86 = Release|x86
	EndGlobalSection
	GlobalSection(ProjectConfigurationPlatforms) = postSolution
		{2C9211AF-4D08-41B3-AC31-13663929E3CF}.Debug|Any CPU.ActiveCfg = Debug|Any CPU
		{2C9211AF-4D08-41B3-AC31-13663929E3CF}.Debug|Any CPU.Build.0 = Debug|Any CPU
		{2C9211AF-4D08-41B3-AC31-13663929E3CF}.Debug|ARM.ActiveCfg = Debug|ARM
		{2C9211AF-4D08-41B3-AC31-13663929E3CF}.Debug|ARM.Build.0 = Debug|ARM
		{2C9211AF-4D08-41B3-AC31-13663929E3CF}.Debug|x64.ActiveCfg = Debug|Any CPU
		{2C9211AF-4D08-41B3-AC31-13663929E3CF}.Debug|x64.Build.0 = Debug|Any CPU
		{2C9211AF-4D08-41B3-AC31-13663929E3CF}.Debug|x86.ActiveCfg = Debug|x86
		{2C9211AF-4D08-41B3-AC31-13663929E3CF}.Debug|x86.Build.0 = Debug|x86
		{2C9211AF-4D08-41B3-AC31-13663929E3CF}.Release|Any CPU.ActiveCfg = Release|Any CPU
		{2C9211AF-4D08-41B3-AC31-13663929E3CF}.Release|Any CPU.Build.0 = Release|Any CPU
		{2C9211AF-4D08-41B3-AC31-13663929E3CF}.Release|ARM.ActiveCfg = Release|ARM
		{2C9211AF-4D08-41B3-AC31-13663929E3CF}.Release|ARM.Build.0 = Release|ARM
		{2C9211AF-4D08-41B3-AC31-13663929E3CF}.Release|x64.ActiveCfg = Release|Any CPU
		{2C9211AF-4D08-41B3-AC31-13663929E3CF}.Release|x64.Build.0 = Release|Any CPU
		{2C9211AF-4D08-41B3-AC31-13663929E3CF}.Release|x86.ActiveCfg = Release|x86
		{2C9211AF-4D08-41B3-AC31-13663929E3CF}.Release|x86.Build.0 = Release|x86
		{B74C6F04-6516-4597-BDA1-023036F80095}.Debug|Any CPU.ActiveCfg = Debug|Any CPU
		{B74C6F04-6516-4597-BDA1-023036F80095}.Debug|Any CPU.Build.0 = Debug|Any CPU
		{B74C6F04-6516-4597-BDA1-023036F80095}.Debug|ARM.ActiveCfg = Debug|Any CPU
		{B74C6F04-6516-4597-BDA1-023036F80095}.Debug|x64.ActiveCfg = Debug|Any CPU
		{B74C6F04-6516-4597-BDA1-023036F80095}.Debug|x64.Build.0 = Debug|Any CPU
		{B74C6F04-6516-4597-BDA1-023036F80095}.Debug|x86.ActiveCfg = Debug|Any CPU
		{B74C6F04-6516-4597-BDA1-023036F80095}.Release|Any CPU.ActiveCfg = Release|Any CPU
		{B74C6F04-6516-4597-BDA1-023036F80095}.Release|Any CPU.Build.0 = Release|Any CPU
		{B74C6F04-6516-4597-BDA1-023036F80095}.Release|ARM.ActiveCfg = Release|Any CPU
		{B74C6F04-6516-4597-BDA1-023036F80095}.Release|x64.ActiveCfg = Release|x64
		{B74C6F04-6516-4597-BDA1-023036F80095}.Release|x64.Build.0 = Release|x64
		{B74C6F04-6516-4597-BDA1-023036F80095}.Release|x86.ActiveCfg = Release|x86
		{B74C6F04-6516-4597-BDA1-023036F80095}.Release|x86.Build.0 = Release|x86
		{D8A7D9BA-96CF-47F0-BB66-01025A113F6D}.Debug|Any CPU.ActiveCfg = Debug|Any CPU
		{D8A7D9BA-96CF-47F0-BB66-01025A113F6D}.Debug|Any CPU.Build.0 = Debug|Any CPU
		{D8A7D9BA-96CF-47F0-BB66-01025A113F6D}.Debug|ARM.ActiveCfg = Debug|Any CPU
		{D8A7D9BA-96CF-47F0-BB66-01025A113F6D}.Debug|x64.ActiveCfg = Debug|Any CPU
		{D8A7D9BA-96CF-47F0-BB66-01025A113F6D}.Debug|x64.Build.0 = Debug|Any CPU
		{D8A7D9BA-96CF-47F0-BB66-01025A113F6D}.Debug|x86.ActiveCfg = Debug|Any CPU
		{D8A7D9BA-96CF-47F0-BB66-01025A113F6D}.Release|Any CPU.ActiveCfg = Release|Any CPU
		{D8A7D9BA-96CF-47F0-BB66-01025A113F6D}.Release|Any CPU.Build.0 = Release|Any CPU
		{D8A7D9BA-96CF-47F0-BB66-01025A113F6D}.Release|ARM.ActiveCfg = Release|Any CPU
		{D8A7D9BA-96CF-47F0-BB66-01025A113F6D}.Release|x64.ActiveCfg = Release|Any CPU
		{D8A7D9BA-96CF-47F0-BB66-01025A113F6D}.Release|x64.Build.0 = Release|Any CPU
		{D8A7D9BA-96CF-47F0-BB66-01025A113F6D}.Release|x86.ActiveCfg = Release|Any CPU
		{D8A7D9BA-96CF-47F0-BB66-01025A113F6D}.Release|x86.Build.0 = Release|Any CPU
		{650BA23B-C1BD-4B66-BEA1-8026F941D4ED}.Debug|Any CPU.ActiveCfg = Debug|Any CPU
		{650BA23B-C1BD-4B66-BEA1-8026F941D4ED}.Debug|Any CPU.Build.0 = Debug|Any CPU
		{650BA23B-C1BD-4B66-BEA1-8026F941D4ED}.Debug|ARM.ActiveCfg = Debug|Any CPU
		{650BA23B-C1BD-4B66-BEA1-8026F941D4ED}.Debug|x64.ActiveCfg = Debug|Any CPU
		{650BA23B-C1BD-4B66-BEA1-8026F941D4ED}.Debug|x64.Build.0 = Debug|Any CPU
		{650BA23B-C1BD-4B66-BEA1-8026F941D4ED}.Debug|x86.ActiveCfg = Debug|Any CPU
		{650BA23B-C1BD-4B66-BEA1-8026F941D4ED}.Release|Any CPU.ActiveCfg = Release|Any CPU
		{650BA23B-C1BD-4B66-BEA1-8026F941D4ED}.Release|Any CPU.Build.0 = Release|Any CPU
		{650BA23B-C1BD-4B66-BEA1-8026F941D4ED}.Release|ARM.ActiveCfg = Release|Any CPU
		{650BA23B-C1BD-4B66-BEA1-8026F941D4ED}.Release|x64.ActiveCfg = Release|x64
		{650BA23B-C1BD-4B66-BEA1-8026F941D4ED}.Release|x64.Build.0 = Release|x64
		{650BA23B-C1BD-4B66-BEA1-8026F941D4ED}.Release|x86.ActiveCfg = Release|x86
		{650BA23B-C1BD-4B66-BEA1-8026F941D4ED}.Release|x86.Build.0 = Release|x86
		{62297236-0AD8-4E31-BE6C-91408852FC76}.Debug|Any CPU.ActiveCfg = Debug|Any CPU
		{62297236-0AD8-4E31-BE6C-91408852FC76}.Debug|Any CPU.Build.0 = Debug|Any CPU
		{62297236-0AD8-4E31-BE6C-91408852FC76}.Debug|ARM.ActiveCfg = Debug|Any CPU
		{62297236-0AD8-4E31-BE6C-91408852FC76}.Debug|x64.ActiveCfg = Debug|Any CPU
		{62297236-0AD8-4E31-BE6C-91408852FC76}.Debug|x64.Build.0 = Debug|Any CPU
		{62297236-0AD8-4E31-BE6C-91408852FC76}.Debug|x86.ActiveCfg = Debug|Any CPU
		{62297236-0AD8-4E31-BE6C-91408852FC76}.Release|Any CPU.ActiveCfg = Release|Any CPU
		{62297236-0AD8-4E31-BE6C-91408852FC76}.Release|Any CPU.Build.0 = Release|Any CPU
		{62297236-0AD8-4E31-BE6C-91408852FC76}.Release|ARM.ActiveCfg = Release|ARM
		{62297236-0AD8-4E31-BE6C-91408852FC76}.Release|ARM.Build.0 = Release|ARM
		{62297236-0AD8-4E31-BE6C-91408852FC76}.Release|x64.ActiveCfg = Release|x64
		{62297236-0AD8-4E31-BE6C-91408852FC76}.Release|x64.Build.0 = Release|x64
		{62297236-0AD8-4E31-BE6C-91408852FC76}.Release|x86.ActiveCfg = Release|x86
		{62297236-0AD8-4E31-BE6C-91408852FC76}.Release|x86.Build.0 = Release|x86
		{AB769ED2-0A3D-41B7-A702-0E5B08DA158E}.Debug|Any CPU.ActiveCfg = Debug|Any CPU
		{AB769ED2-0A3D-41B7-A702-0E5B08DA158E}.Debug|Any CPU.Build.0 = Debug|Any CPU
		{AB769ED2-0A3D-41B7-A702-0E5B08DA158E}.Debug|ARM.ActiveCfg = Debug|Any CPU
		{AB769ED2-0A3D-41B7-A702-0E5B08DA158E}.Debug|ARM.Build.0 = Debug|Any CPU
		{AB769ED2-0A3D-41B7-A702-0E5B08DA158E}.Debug|x64.ActiveCfg = Debug|Any CPU
		{AB769ED2-0A3D-41B7-A702-0E5B08DA158E}.Debug|x64.Build.0 = Debug|Any CPU
		{AB769ED2-0A3D-41B7-A702-0E5B08DA158E}.Debug|x86.ActiveCfg = Debug|Any CPU
		{AB769ED2-0A3D-41B7-A702-0E5B08DA158E}.Debug|x86.Build.0 = Debug|Any CPU
		{AB769ED2-0A3D-41B7-A702-0E5B08DA158E}.Release|Any CPU.ActiveCfg = Release|Any CPU
		{AB769ED2-0A3D-41B7-A702-0E5B08DA158E}.Release|Any CPU.Build.0 = Release|Any CPU
		{AB769ED2-0A3D-41B7-A702-0E5B08DA158E}.Release|ARM.ActiveCfg = Release|Any CPU
		{AB769ED2-0A3D-41B7-A702-0E5B08DA158E}.Release|ARM.Build.0 = Release|Any CPU
		{AB769ED2-0A3D-41B7-A702-0E5B08DA158E}.Release|x64.ActiveCfg = Release|Any CPU
		{AB769ED2-0A3D-41B7-A702-0E5B08DA158E}.Release|x64.Build.0 = Release|Any CPU
		{AB769ED2-0A3D-41B7-A702-0E5B08DA158E}.Release|x86.ActiveCfg = Release|Any CPU
		{AB769ED2-0A3D-41B7-A702-0E5B08DA158E}.Release|x86.Build.0 = Release|Any CPU
		{1491D1A7-BBD0-4537-9F49-FDDD86D4989C}.Debug|Any CPU.ActiveCfg = Debug|Any CPU
		{1491D1A7-BBD0-4537-9F49-FDDD86D4989C}.Debug|Any CPU.Build.0 = Debug|Any CPU
		{1491D1A7-BBD0-4537-9F49-FDDD86D4989C}.Debug|ARM.ActiveCfg = Debug|Any CPU
		{1491D1A7-BBD0-4537-9F49-FDDD86D4989C}.Debug|ARM.Build.0 = Debug|Any CPU
		{1491D1A7-BBD0-4537-9F49-FDDD86D4989C}.Debug|x64.ActiveCfg = Debug|Any CPU
		{1491D1A7-BBD0-4537-9F49-FDDD86D4989C}.Debug|x64.Build.0 = Debug|Any CPU
		{1491D1A7-BBD0-4537-9F49-FDDD86D4989C}.Debug|x86.ActiveCfg = Debug|Any CPU
		{1491D1A7-BBD0-4537-9F49-FDDD86D4989C}.Debug|x86.Build.0 = Debug|Any CPU
		{1491D1A7-BBD0-4537-9F49-FDDD86D4989C}.Release|Any CPU.ActiveCfg = Release|Any CPU
		{1491D1A7-BBD0-4537-9F49-FDDD86D4989C}.Release|Any CPU.Build.0 = Release|Any CPU
		{1491D1A7-BBD0-4537-9F49-FDDD86D4989C}.Release|ARM.ActiveCfg = Release|Any CPU
		{1491D1A7-BBD0-4537-9F49-FDDD86D4989C}.Release|ARM.Build.0 = Release|Any CPU
		{1491D1A7-BBD0-4537-9F49-FDDD86D4989C}.Release|x64.ActiveCfg = Release|Any CPU
		{1491D1A7-BBD0-4537-9F49-FDDD86D4989C}.Release|x64.Build.0 = Release|Any CPU
		{1491D1A7-BBD0-4537-9F49-FDDD86D4989C}.Release|x86.ActiveCfg = Release|Any CPU
		{1491D1A7-BBD0-4537-9F49-FDDD86D4989C}.Release|x86.Build.0 = Release|Any CPU
		{6878DADE-111F-4FBD-91C7-E9C7479A84BB}.Debug|Any CPU.ActiveCfg = Debug|Any CPU
		{6878DADE-111F-4FBD-91C7-E9C7479A84BB}.Debug|Any CPU.Build.0 = Debug|Any CPU
		{6878DADE-111F-4FBD-91C7-E9C7479A84BB}.Debug|ARM.ActiveCfg = Debug|Any CPU
		{6878DADE-111F-4FBD-91C7-E9C7479A84BB}.Debug|ARM.Build.0 = Debug|Any CPU
		{6878DADE-111F-4FBD-91C7-E9C7479A84BB}.Debug|x64.ActiveCfg = Debug|Any CPU
		{6878DADE-111F-4FBD-91C7-E9C7479A84BB}.Debug|x64.Build.0 = Debug|Any CPU
		{6878DADE-111F-4FBD-91C7-E9C7479A84BB}.Debug|x86.ActiveCfg = Debug|Any CPU
		{6878DADE-111F-4FBD-91C7-E9C7479A84BB}.Debug|x86.Build.0 = Debug|Any CPU
		{6878DADE-111F-4FBD-91C7-E9C7479A84BB}.Release|Any CPU.ActiveCfg = Release|Any CPU
		{6878DADE-111F-4FBD-91C7-E9C7479A84BB}.Release|Any CPU.Build.0 = Release|Any CPU
		{6878DADE-111F-4FBD-91C7-E9C7479A84BB}.Release|ARM.ActiveCfg = Release|Any CPU
		{6878DADE-111F-4FBD-91C7-E9C7479A84BB}.Release|ARM.Build.0 = Release|Any CPU
		{6878DADE-111F-4FBD-91C7-E9C7479A84BB}.Release|x64.ActiveCfg = Release|Any CPU
		{6878DADE-111F-4FBD-91C7-E9C7479A84BB}.Release|x64.Build.0 = Release|Any CPU
		{6878DADE-111F-4FBD-91C7-E9C7479A84BB}.Release|x86.ActiveCfg = Release|Any CPU
		{6878DADE-111F-4FBD-91C7-E9C7479A84BB}.Release|x86.Build.0 = Release|Any CPU
		{899D3D92-5B01-49CE-BD90-A6C90D5321F1}.Debug|Any CPU.ActiveCfg = Debug|Any CPU
		{899D3D92-5B01-49CE-BD90-A6C90D5321F1}.Debug|Any CPU.Build.0 = Debug|Any CPU
		{899D3D92-5B01-49CE-BD90-A6C90D5321F1}.Debug|ARM.ActiveCfg = Debug|Any CPU
		{899D3D92-5B01-49CE-BD90-A6C90D5321F1}.Debug|ARM.Build.0 = Debug|Any CPU
		{899D3D92-5B01-49CE-BD90-A6C90D5321F1}.Debug|x64.ActiveCfg = Debug|Any CPU
		{899D3D92-5B01-49CE-BD90-A6C90D5321F1}.Debug|x64.Build.0 = Debug|Any CPU
		{899D3D92-5B01-49CE-BD90-A6C90D5321F1}.Debug|x86.ActiveCfg = Debug|Any CPU
		{899D3D92-5B01-49CE-BD90-A6C90D5321F1}.Debug|x86.Build.0 = Debug|Any CPU
		{899D3D92-5B01-49CE-BD90-A6C90D5321F1}.Release|Any CPU.ActiveCfg = Release|Any CPU
		{899D3D92-5B01-49CE-BD90-A6C90D5321F1}.Release|Any CPU.Build.0 = Release|Any CPU
		{899D3D92-5B01-49CE-BD90-A6C90D5321F1}.Release|ARM.ActiveCfg = Release|Any CPU
		{899D3D92-5B01-49CE-BD90-A6C90D5321F1}.Release|ARM.Build.0 = Release|Any CPU
		{899D3D92-5B01-49CE-BD90-A6C90D5321F1}.Release|x64.ActiveCfg = Release|Any CPU
		{899D3D92-5B01-49CE-BD90-A6C90D5321F1}.Release|x64.Build.0 = Release|Any CPU
		{899D3D92-5B01-49CE-BD90-A6C90D5321F1}.Release|x86.ActiveCfg = Release|Any CPU
		{899D3D92-5B01-49CE-BD90-A6C90D5321F1}.Release|x86.Build.0 = Release|Any CPU
		{41B22288-FB96-451F-91B7-E278CD381DE5}.Debug|Any CPU.ActiveCfg = Debug|Any CPU
		{41B22288-FB96-451F-91B7-E278CD381DE5}.Debug|Any CPU.Build.0 = Debug|Any CPU
		{41B22288-FB96-451F-91B7-E278CD381DE5}.Debug|ARM.ActiveCfg = Debug|Any CPU
		{41B22288-FB96-451F-91B7-E278CD381DE5}.Debug|ARM.Build.0 = Debug|Any CPU
		{41B22288-FB96-451F-91B7-E278CD381DE5}.Debug|x64.ActiveCfg = Debug|Any CPU
		{41B22288-FB96-451F-91B7-E278CD381DE5}.Debug|x64.Build.0 = Debug|Any CPU
		{41B22288-FB96-451F-91B7-E278CD381DE5}.Debug|x86.ActiveCfg = Debug|Any CPU
		{41B22288-FB96-451F-91B7-E278CD381DE5}.Debug|x86.Build.0 = Debug|Any CPU
		{41B22288-FB96-451F-91B7-E278CD381DE5}.Release|Any CPU.ActiveCfg = Release|Any CPU
		{41B22288-FB96-451F-91B7-E278CD381DE5}.Release|Any CPU.Build.0 = Release|Any CPU
		{41B22288-FB96-451F-91B7-E278CD381DE5}.Release|ARM.ActiveCfg = Release|Any CPU
		{41B22288-FB96-451F-91B7-E278CD381DE5}.Release|ARM.Build.0 = Release|Any CPU
		{41B22288-FB96-451F-91B7-E278CD381DE5}.Release|x64.ActiveCfg = Release|Any CPU
		{41B22288-FB96-451F-91B7-E278CD381DE5}.Release|x64.Build.0 = Release|Any CPU
		{41B22288-FB96-451F-91B7-E278CD381DE5}.Release|x86.ActiveCfg = Release|Any CPU
		{41B22288-FB96-451F-91B7-E278CD381DE5}.Release|x86.Build.0 = Release|Any CPU
		{4B8CFD65-8215-4372-B79A-A0CDCB83ADAB}.Debug|Any CPU.ActiveCfg = Debug|Any CPU
		{4B8CFD65-8215-4372-B79A-A0CDCB83ADAB}.Debug|Any CPU.Build.0 = Debug|Any CPU
		{4B8CFD65-8215-4372-B79A-A0CDCB83ADAB}.Debug|ARM.ActiveCfg = Debug|Any CPU
		{4B8CFD65-8215-4372-B79A-A0CDCB83ADAB}.Debug|ARM.Build.0 = Debug|Any CPU
		{4B8CFD65-8215-4372-B79A-A0CDCB83ADAB}.Debug|x64.ActiveCfg = Debug|Any CPU
		{4B8CFD65-8215-4372-B79A-A0CDCB83ADAB}.Debug|x64.Build.0 = Debug|Any CPU
		{4B8CFD65-8215-4372-B79A-A0CDCB83ADAB}.Debug|x86.ActiveCfg = Debug|Any CPU
		{4B8CFD65-8215-4372-B79A-A0CDCB83ADAB}.Debug|x86.Build.0 = Debug|Any CPU
		{4B8CFD65-8215-4372-B79A-A0CDCB83ADAB}.Release|Any CPU.ActiveCfg = Release|Any CPU
		{4B8CFD65-8215-4372-B79A-A0CDCB83ADAB}.Release|Any CPU.Build.0 = Release|Any CPU
		{4B8CFD65-8215-4372-B79A-A0CDCB83ADAB}.Release|ARM.ActiveCfg = Release|Any CPU
		{4B8CFD65-8215-4372-B79A-A0CDCB83ADAB}.Release|ARM.Build.0 = Release|Any CPU
		{4B8CFD65-8215-4372-B79A-A0CDCB83ADAB}.Release|x64.ActiveCfg = Release|Any CPU
		{4B8CFD65-8215-4372-B79A-A0CDCB83ADAB}.Release|x64.Build.0 = Release|Any CPU
		{4B8CFD65-8215-4372-B79A-A0CDCB83ADAB}.Release|x86.ActiveCfg = Release|Any CPU
		{4B8CFD65-8215-4372-B79A-A0CDCB83ADAB}.Release|x86.Build.0 = Release|Any CPU
		{6ECF52C1-3338-4597-9B27-0186003FB2B1}.Debug|Any CPU.ActiveCfg = Debug|Any CPU
		{6ECF52C1-3338-4597-9B27-0186003FB2B1}.Debug|Any CPU.Build.0 = Debug|Any CPU
		{6ECF52C1-3338-4597-9B27-0186003FB2B1}.Debug|ARM.ActiveCfg = Debug|Any CPU
		{6ECF52C1-3338-4597-9B27-0186003FB2B1}.Debug|ARM.Build.0 = Debug|Any CPU
		{6ECF52C1-3338-4597-9B27-0186003FB2B1}.Debug|x64.ActiveCfg = Debug|Any CPU
		{6ECF52C1-3338-4597-9B27-0186003FB2B1}.Debug|x64.Build.0 = Debug|Any CPU
		{6ECF52C1-3338-4597-9B27-0186003FB2B1}.Debug|x86.ActiveCfg = Debug|Any CPU
		{6ECF52C1-3338-4597-9B27-0186003FB2B1}.Debug|x86.Build.0 = Debug|Any CPU
		{6ECF52C1-3338-4597-9B27-0186003FB2B1}.Release|Any CPU.ActiveCfg = Release|Any CPU
		{6ECF52C1-3338-4597-9B27-0186003FB2B1}.Release|Any CPU.Build.0 = Release|Any CPU
		{6ECF52C1-3338-4597-9B27-0186003FB2B1}.Release|ARM.ActiveCfg = Release|Any CPU
		{6ECF52C1-3338-4597-9B27-0186003FB2B1}.Release|ARM.Build.0 = Release|Any CPU
		{6ECF52C1-3338-4597-9B27-0186003FB2B1}.Release|x64.ActiveCfg = Release|Any CPU
		{6ECF52C1-3338-4597-9B27-0186003FB2B1}.Release|x64.Build.0 = Release|Any CPU
		{6ECF52C1-3338-4597-9B27-0186003FB2B1}.Release|x86.ActiveCfg = Release|Any CPU
		{6ECF52C1-3338-4597-9B27-0186003FB2B1}.Release|x86.Build.0 = Release|Any CPU
		{C6FDC13F-CAE1-4F20-A911-2470599B7B02}.Debug|Any CPU.ActiveCfg = Debug|Any CPU
		{C6FDC13F-CAE1-4F20-A911-2470599B7B02}.Debug|Any CPU.Build.0 = Debug|Any CPU
		{C6FDC13F-CAE1-4F20-A911-2470599B7B02}.Debug|ARM.ActiveCfg = Debug|Any CPU
		{C6FDC13F-CAE1-4F20-A911-2470599B7B02}.Debug|ARM.Build.0 = Debug|Any CPU
		{C6FDC13F-CAE1-4F20-A911-2470599B7B02}.Debug|x64.ActiveCfg = Debug|Any CPU
		{C6FDC13F-CAE1-4F20-A911-2470599B7B02}.Debug|x64.Build.0 = Debug|Any CPU
		{C6FDC13F-CAE1-4F20-A911-2470599B7B02}.Debug|x86.ActiveCfg = Debug|Any CPU
		{C6FDC13F-CAE1-4F20-A911-2470599B7B02}.Debug|x86.Build.0 = Debug|Any CPU
		{C6FDC13F-CAE1-4F20-A911-2470599B7B02}.Release|Any CPU.ActiveCfg = Release|Any CPU
		{C6FDC13F-CAE1-4F20-A911-2470599B7B02}.Release|Any CPU.Build.0 = Release|Any CPU
		{C6FDC13F-CAE1-4F20-A911-2470599B7B02}.Release|ARM.ActiveCfg = Release|Any CPU
		{C6FDC13F-CAE1-4F20-A911-2470599B7B02}.Release|ARM.Build.0 = Release|Any CPU
		{C6FDC13F-CAE1-4F20-A911-2470599B7B02}.Release|x64.ActiveCfg = Release|Any CPU
		{C6FDC13F-CAE1-4F20-A911-2470599B7B02}.Release|x64.Build.0 = Release|Any CPU
		{C6FDC13F-CAE1-4F20-A911-2470599B7B02}.Release|x86.ActiveCfg = Release|Any CPU
		{C6FDC13F-CAE1-4F20-A911-2470599B7B02}.Release|x86.Build.0 = Release|Any CPU
	EndGlobalSection
	GlobalSection(SolutionProperties) = preSolution
		HideSolutionNode = FALSE
	EndGlobalSection
	GlobalSection(ExtensibilityGlobals) = postSolution
		SolutionGuid = {2A8A4753-E1EB-4618-A522-751BF5638264}
	EndGlobalSection
	GlobalSection(SharedMSBuildProjectFiles) = preSolution
		Rssdp.Shared\Rssdp.Shared.projitems*{1491d1a7-bbd0-4537-9f49-fddd86d4989c}*SharedItemsImports = 4
		Rssdp.Shared\Rssdp.Shared.projitems*{2c9211af-4d08-41b3-ac31-13663929e3cf}*SharedItemsImports = 4
		Rssdp.Shared\Rssdp.Shared.projitems*{41b22288-fb96-451f-91b7-e278cd381de5}*SharedItemsImports = 4
		Rssdp.Shared\Rssdp.Shared.projitems*{4b8cfd65-8215-4372-b79a-a0cdcb83adab}*SharedItemsImports = 5
		Rssdp.Shared\Rssdp.Shared.projitems*{62297236-0ad8-4e31-be6c-91408852fc76}*SharedItemsImports = 4
		Rssdp.Shared\Rssdp.Shared.projitems*{6878dade-111f-4fbd-91c7-e9c7479a84bb}*SharedItemsImports = 4
		Rssdp.Shared\Rssdp.Shared.projitems*{6ecf52c1-3338-4597-9b27-0186003fb2b1}*SharedItemsImports = 5
		Rssdp.Shared\Rssdp.Shared.projitems*{899d3d92-5b01-49ce-bd90-a6c90d5321f1}*SharedItemsImports = 4
		Rssdp.Shared\Rssdp.Shared.projitems*{ab769ed2-0a3d-41b7-a702-0e5b08da158e}*SharedItemsImports = 4
		Rssdp.Shared\Rssdp.Shared.projitems*{c6fdc13f-cae1-4f20-a911-2470599b7b02}*SharedItemsImports = 5
		Rssdp.Shared\Rssdp.Shared.projitems*{cc2b3fbe-239e-4967-b566-1a7e4d9eaf5d}*SharedItemsImports = 13
	EndGlobalSection
EndGlobal
