
Microsoft Visual Studio Solution File, Format Version 12.00
# Visual Studio 14
VisualStudioVersion = 14.0.25420.1
MinimumVisualStudioVersion = 10.0.40219.1
Project("{FAE04EC0-301F-11D3-BF4B-00C04F79EFBC}") = "Rssdp.PackageTest.Net40", "Rssdp.PackageTest.Net40.csproj", "{1900D609-5684-4DF9-AF3B-11A2B65C43A9}"
EndProject
Project("{FAE04EC0-301F-11D3-BF4B-00C04F79EFBC}") = "Rssdp.PackageTests.Net45", "..\Rssdp.PackageTests.Net45\Rssdp.PackageTests.Net45.csproj", "{B2442C8E-EF64-482E-9302-68B98417D618}"
EndProject
Project("{FAE04EC0-301F-11D3-BF4B-00C04F79EFBC}") = "Rssdp.PackageTest.Uwp", "..\Rssdp.PackageTest.Uwp\Rssdp.PackageTest.Uwp.csproj", "{0B8A29FE-FA9D-4AE5-A053-86EF794B7291}"
EndProject
Project("{FAE04EC0-301F-11D3-BF4B-00C04F79EFBC}") = "Rssdp.PackageTest.Droid", "..\Rssdp.PackageTest.Droid\Rssdp.PackageTest.Droid.csproj", "{9BD1BEDD-7892-4563-BE4A-892D328C2B4C}"
EndProject
Project("{FAE04EC0-301F-11D3-BF4B-00C04F79EFBC}") = "Rssdp.PackageTest.iOS", "..\Rssdp.PackageTest.iOS\Rssdp.PackageTest.iOS.csproj", "{7A8F22E6-CC33-45E0-BFDA-C0DE691146D8}"
EndProject
Project("{8BB2217D-0F2D-49D1-97BC-3654ED321F3B}") = "Rssdp.PackageTest.NetCore", "..\Rssdp.PackageTest.NetCore\Rssdp.PackageTest.NetCore.xproj", "{9C89A6F7-CEAB-4178-8534-87C81B95B6A6}"
EndProject
Project("{FAE04EC0-301F-11D3-BF4B-00C04F79EFBC}") = "Rssdp.PackageTest.WpSl", "..\Rssdp.PackageTest.WpSl\Rssdp.PackageTest.WpSl.csproj", "{0E1A36D0-A20E-4521-B47A-5DB06BE6501F}"
EndProject
Global
	GlobalSection(SolutionConfigurationPlatforms) = preSolution
		Ad-Hoc|Any CPU = Ad-Hoc|Any CPU
		Ad-Hoc|ARM = Ad-Hoc|ARM
		Ad-Hoc|iPhone = Ad-Hoc|iPhone
		Ad-Hoc|iPhoneSimulator = Ad-Hoc|iPhoneSimulator
		Ad-Hoc|x64 = Ad-Hoc|x64
		Ad-Hoc|x86 = Ad-Hoc|x86
		AppStore|Any CPU = AppStore|Any CPU
		AppStore|ARM = AppStore|ARM
		AppStore|iPhone = AppStore|iPhone
		AppStore|iPhoneSimulator = AppStore|iPhoneSimulator
		AppStore|x64 = AppStore|x64
		AppStore|x86 = AppStore|x86
		Debug|Any CPU = Debug|Any CPU
		Debug|ARM = Debug|ARM
		Debug|iPhone = Debug|iPhone
		Debug|iPhoneSimulator = Debug|iPhoneSimulator
		Debug|x64 = Debug|x64
		Debug|x86 = Debug|x86
		Release|Any CPU = Release|Any CPU
		Release|ARM = Release|ARM
		Release|iPhone = Release|iPhone
		Release|iPhoneSimulator = Release|iPhoneSimulator
		Release|x64 = Release|x64
		Release|x86 = Release|x86
	EndGlobalSection
	GlobalSection(ProjectConfigurationPlatforms) = postSolution
		{1900D609-5684-4DF9-AF3B-11A2B65C43A9}.Ad-Hoc|Any CPU.ActiveCfg = Release|Any CPU
		{1900D609-5684-4DF9-AF3B-11A2B65C43A9}.Ad-Hoc|Any CPU.Build.0 = Release|Any CPU
		{1900D609-5684-4DF9-AF3B-11A2B65C43A9}.Ad-Hoc|ARM.ActiveCfg = Release|Any CPU
		{1900D609-5684-4DF9-AF3B-11A2B65C43A9}.Ad-Hoc|ARM.Build.0 = Release|Any CPU
		{1900D609-5684-4DF9-AF3B-11A2B65C43A9}.Ad-Hoc|iPhone.ActiveCfg = Release|Any CPU
		{1900D609-5684-4DF9-AF3B-11A2B65C43A9}.Ad-Hoc|iPhone.Build.0 = Release|Any CPU
		{1900D609-5684-4DF9-AF3B-11A2B65C43A9}.Ad-Hoc|iPhoneSimulator.ActiveCfg = Release|Any CPU
		{1900D609-5684-4DF9-AF3B-11A2B65C43A9}.Ad-Hoc|iPhoneSimulator.Build.0 = Release|Any CPU
		{1900D609-5684-4DF9-AF3B-11A2B65C43A9}.Ad-Hoc|x64.ActiveCfg = Release|Any CPU
		{1900D609-5684-4DF9-AF3B-11A2B65C43A9}.Ad-Hoc|x64.Build.0 = Release|Any CPU
		{1900D609-5684-4DF9-AF3B-11A2B65C43A9}.Ad-Hoc|x86.ActiveCfg = Release|Any CPU
		{1900D609-5684-4DF9-AF3B-11A2B65C43A9}.Ad-Hoc|x86.Build.0 = Release|Any CPU
		{1900D609-5684-4DF9-AF3B-11A2B65C43A9}.AppStore|Any CPU.ActiveCfg = Release|Any CPU
		{1900D609-5684-4DF9-AF3B-11A2B65C43A9}.AppStore|Any CPU.Build.0 = Release|Any CPU
		{1900D609-5684-4DF9-AF3B-11A2B65C43A9}.AppStore|ARM.ActiveCfg = Release|Any CPU
		{1900D609-5684-4DF9-AF3B-11A2B65C43A9}.AppStore|ARM.Build.0 = Release|Any CPU
		{1900D609-5684-4DF9-AF3B-11A2B65C43A9}.AppStore|iPhone.ActiveCfg = Release|Any CPU
		{1900D609-5684-4DF9-AF3B-11A2B65C43A9}.AppStore|iPhone.Build.0 = Release|Any CPU
		{1900D609-5684-4DF9-AF3B-11A2B65C43A9}.AppStore|iPhoneSimulator.ActiveCfg = Release|Any CPU
		{1900D609-5684-4DF9-AF3B-11A2B65C43A9}.AppStore|iPhoneSimulator.Build.0 = Release|Any CPU
		{1900D609-5684-4DF9-AF3B-11A2B65C43A9}.AppStore|x64.ActiveCfg = Release|Any CPU
		{1900D609-5684-4DF9-AF3B-11A2B65C43A9}.AppStore|x64.Build.0 = Release|Any CPU
		{1900D609-5684-4DF9-AF3B-11A2B65C43A9}.AppStore|x86.ActiveCfg = Release|Any CPU
		{1900D609-5684-4DF9-AF3B-11A2B65C43A9}.AppStore|x86.Build.0 = Release|Any CPU
		{1900D609-5684-4DF9-AF3B-11A2B65C43A9}.Debug|Any CPU.ActiveCfg = Debug|Any CPU
		{1900D609-5684-4DF9-AF3B-11A2B65C43A9}.Debug|Any CPU.Build.0 = Debug|Any CPU
		{1900D609-5684-4DF9-AF3B-11A2B65C43A9}.Debug|ARM.ActiveCfg = Debug|Any CPU
		{1900D609-5684-4DF9-AF3B-11A2B65C43A9}.Debug|ARM.Build.0 = Debug|Any CPU
		{1900D609-5684-4DF9-AF3B-11A2B65C43A9}.Debug|iPhone.ActiveCfg = Debug|Any CPU
		{1900D609-5684-4DF9-AF3B-11A2B65C43A9}.Debug|iPhone.Build.0 = Debug|Any CPU
		{1900D609-5684-4DF9-AF3B-11A2B65C43A9}.Debug|iPhoneSimulator.ActiveCfg = Debug|Any CPU
		{1900D609-5684-4DF9-AF3B-11A2B65C43A9}.Debug|iPhoneSimulator.Build.0 = Debug|Any CPU
		{1900D609-5684-4DF9-AF3B-11A2B65C43A9}.Debug|x64.ActiveCfg = Debug|Any CPU
		{1900D609-5684-4DF9-AF3B-11A2B65C43A9}.Debug|x64.Build.0 = Debug|Any CPU
		{1900D609-5684-4DF9-AF3B-11A2B65C43A9}.Debug|x86.ActiveCfg = Debug|Any CPU
		{1900D609-5684-4DF9-AF3B-11A2B65C43A9}.Debug|x86.Build.0 = Debug|Any CPU
		{1900D609-5684-4DF9-AF3B-11A2B65C43A9}.Release|Any CPU.ActiveCfg = Release|Any CPU
		{1900D609-5684-4DF9-AF3B-11A2B65C43A9}.Release|Any CPU.Build.0 = Release|Any CPU
		{1900D609-5684-4DF9-AF3B-11A2B65C43A9}.Release|ARM.ActiveCfg = Release|Any CPU
		{1900D609-5684-4DF9-AF3B-11A2B65C43A9}.Release|ARM.Build.0 = Release|Any CPU
		{1900D609-5684-4DF9-AF3B-11A2B65C43A9}.Release|iPhone.ActiveCfg = Release|Any CPU
		{1900D609-5684-4DF9-AF3B-11A2B65C43A9}.Release|iPhone.Build.0 = Release|Any CPU
		{1900D609-5684-4DF9-AF3B-11A2B65C43A9}.Release|iPhoneSimulator.ActiveCfg = Release|Any CPU
		{1900D609-5684-4DF9-AF3B-11A2B65C43A9}.Release|iPhoneSimulator.Build.0 = Release|Any CPU
		{1900D609-5684-4DF9-AF3B-11A2B65C43A9}.Release|x64.ActiveCfg = Release|Any CPU
		{1900D609-5684-4DF9-AF3B-11A2B65C43A9}.Release|x64.Build.0 = Release|Any CPU
		{1900D609-5684-4DF9-AF3B-11A2B65C43A9}.Release|x86.ActiveCfg = Release|Any CPU
		{1900D609-5684-4DF9-AF3B-11A2B65C43A9}.Release|x86.Build.0 = Release|Any CPU
		{B2442C8E-EF64-482E-9302-68B98417D618}.Ad-Hoc|Any CPU.ActiveCfg = Release|Any CPU
		{B2442C8E-EF64-482E-9302-68B98417D618}.Ad-Hoc|Any CPU.Build.0 = Release|Any CPU
		{B2442C8E-EF64-482E-9302-68B98417D618}.Ad-Hoc|ARM.ActiveCfg = Release|Any CPU
		{B2442C8E-EF64-482E-9302-68B98417D618}.Ad-Hoc|ARM.Build.0 = Release|Any CPU
		{B2442C8E-EF64-482E-9302-68B98417D618}.Ad-Hoc|iPhone.ActiveCfg = Release|Any CPU
		{B2442C8E-EF64-482E-9302-68B98417D618}.Ad-Hoc|iPhone.Build.0 = Release|Any CPU
		{B2442C8E-EF64-482E-9302-68B98417D618}.Ad-Hoc|iPhoneSimulator.ActiveCfg = Release|Any CPU
		{B2442C8E-EF64-482E-9302-68B98417D618}.Ad-Hoc|iPhoneSimulator.Build.0 = Release|Any CPU
		{B2442C8E-EF64-482E-9302-68B98417D618}.Ad-Hoc|x64.ActiveCfg = Release|Any CPU
		{B2442C8E-EF64-482E-9302-68B98417D618}.Ad-Hoc|x64.Build.0 = Release|Any CPU
		{B2442C8E-EF64-482E-9302-68B98417D618}.Ad-Hoc|x86.ActiveCfg = Release|Any CPU
		{B2442C8E-EF64-482E-9302-68B98417D618}.Ad-Hoc|x86.Build.0 = Release|Any CPU
		{B2442C8E-EF64-482E-9302-68B98417D618}.AppStore|Any CPU.ActiveCfg = Release|Any CPU
		{B2442C8E-EF64-482E-9302-68B98417D618}.AppStore|Any CPU.Build.0 = Release|Any CPU
		{B2442C8E-EF64-482E-9302-68B98417D618}.AppStore|ARM.ActiveCfg = Release|Any CPU
		{B2442C8E-EF64-482E-9302-68B98417D618}.AppStore|ARM.Build.0 = Release|Any CPU
		{B2442C8E-EF64-482E-9302-68B98417D618}.AppStore|iPhone.ActiveCfg = Release|Any CPU
		{B2442C8E-EF64-482E-9302-68B98417D618}.AppStore|iPhone.Build.0 = Release|Any CPU
		{B2442C8E-EF64-482E-9302-68B98417D618}.AppStore|iPhoneSimulator.ActiveCfg = Release|Any CPU
		{B2442C8E-EF64-482E-9302-68B98417D618}.AppStore|iPhoneSimulator.Build.0 = Release|Any CPU
		{B2442C8E-EF64-482E-9302-68B98417D618}.AppStore|x64.ActiveCfg = Release|Any CPU
		{B2442C8E-EF64-482E-9302-68B98417D618}.AppStore|x64.Build.0 = Release|Any CPU
		{B2442C8E-EF64-482E-9302-68B98417D618}.AppStore|x86.ActiveCfg = Release|Any CPU
		{B2442C8E-EF64-482E-9302-68B98417D618}.AppStore|x86.Build.0 = Release|Any CPU
		{B2442C8E-EF64-482E-9302-68B98417D618}.Debug|Any CPU.ActiveCfg = Debug|Any CPU
		{B2442C8E-EF64-482E-9302-68B98417D618}.Debug|Any CPU.Build.0 = Debug|Any CPU
		{B2442C8E-EF64-482E-9302-68B98417D618}.Debug|ARM.ActiveCfg = Debug|Any CPU
		{B2442C8E-EF64-482E-9302-68B98417D618}.Debug|ARM.Build.0 = Debug|Any CPU
		{B2442C8E-EF64-482E-9302-68B98417D618}.Debug|iPhone.ActiveCfg = Debug|Any CPU
		{B2442C8E-EF64-482E-9302-68B98417D618}.Debug|iPhone.Build.0 = Debug|Any CPU
		{B2442C8E-EF64-482E-9302-68B98417D618}.Debug|iPhoneSimulator.ActiveCfg = Debug|Any CPU
		{B2442C8E-EF64-482E-9302-68B98417D618}.Debug|iPhoneSimulator.Build.0 = Debug|Any CPU
		{B2442C8E-EF64-482E-9302-68B98417D618}.Debug|x64.ActiveCfg = Debug|Any CPU
		{B2442C8E-EF64-482E-9302-68B98417D618}.Debug|x64.Build.0 = Debug|Any CPU
		{B2442C8E-EF64-482E-9302-68B98417D618}.Debug|x86.ActiveCfg = Debug|Any CPU
		{B2442C8E-EF64-482E-9302-68B98417D618}.Debug|x86.Build.0 = Debug|Any CPU
		{B2442C8E-EF64-482E-9302-68B98417D618}.Release|Any CPU.ActiveCfg = Release|Any CPU
		{B2442C8E-EF64-482E-9302-68B98417D618}.Release|Any CPU.Build.0 = Release|Any CPU
		{B2442C8E-EF64-482E-9302-68B98417D618}.Release|ARM.ActiveCfg = Release|Any CPU
		{B2442C8E-EF64-482E-9302-68B98417D618}.Release|ARM.Build.0 = Release|Any CPU
		{B2442C8E-EF64-482E-9302-68B98417D618}.Release|iPhone.ActiveCfg = Release|Any CPU
		{B2442C8E-EF64-482E-9302-68B98417D618}.Release|iPhone.Build.0 = Release|Any CPU
		{B2442C8E-EF64-482E-9302-68B98417D618}.Release|iPhoneSimulator.ActiveCfg = Release|Any CPU
		{B2442C8E-EF64-482E-9302-68B98417D618}.Release|iPhoneSimulator.Build.0 = Release|Any CPU
		{B2442C8E-EF64-482E-9302-68B98417D618}.Release|x64.ActiveCfg = Release|Any CPU
		{B2442C8E-EF64-482E-9302-68B98417D618}.Release|x64.Build.0 = Release|Any CPU
		{B2442C8E-EF64-482E-9302-68B98417D618}.Release|x86.ActiveCfg = Release|Any CPU
		{B2442C8E-EF64-482E-9302-68B98417D618}.Release|x86.Build.0 = Release|Any CPU
		{0B8A29FE-FA9D-4AE5-A053-86EF794B7291}.Ad-Hoc|Any CPU.ActiveCfg = Release|x64
		{0B8A29FE-FA9D-4AE5-A053-86EF794B7291}.Ad-Hoc|Any CPU.Build.0 = Release|x64
		{0B8A29FE-FA9D-4AE5-A053-86EF794B7291}.Ad-Hoc|Any CPU.Deploy.0 = Release|x64
		{0B8A29FE-FA9D-4AE5-A053-86EF794B7291}.Ad-Hoc|ARM.ActiveCfg = Release|ARM
		{0B8A29FE-FA9D-4AE5-A053-86EF794B7291}.Ad-Hoc|ARM.Build.0 = Release|ARM
		{0B8A29FE-FA9D-4AE5-A053-86EF794B7291}.Ad-Hoc|ARM.Deploy.0 = Release|ARM
		{0B8A29FE-FA9D-4AE5-A053-86EF794B7291}.Ad-Hoc|iPhone.ActiveCfg = Release|x64
		{0B8A29FE-FA9D-4AE5-A053-86EF794B7291}.Ad-Hoc|iPhone.Build.0 = Release|x64
		{0B8A29FE-FA9D-4AE5-A053-86EF794B7291}.Ad-Hoc|iPhone.Deploy.0 = Release|x64
		{0B8A29FE-FA9D-4AE5-A053-86EF794B7291}.Ad-Hoc|iPhoneSimulator.ActiveCfg = Release|x64
		{0B8A29FE-FA9D-4AE5-A053-86EF794B7291}.Ad-Hoc|iPhoneSimulator.Build.0 = Release|x64
		{0B8A29FE-FA9D-4AE5-A053-86EF794B7291}.Ad-Hoc|iPhoneSimulator.Deploy.0 = Release|x64
		{0B8A29FE-FA9D-4AE5-A053-86EF794B7291}.Ad-Hoc|x64.ActiveCfg = Release|x64
		{0B8A29FE-FA9D-4AE5-A053-86EF794B7291}.Ad-Hoc|x64.Build.0 = Release|x64
		{0B8A29FE-FA9D-4AE5-A053-86EF794B7291}.Ad-Hoc|x64.Deploy.0 = Release|x64
		{0B8A29FE-FA9D-4AE5-A053-86EF794B7291}.Ad-Hoc|x86.ActiveCfg = Release|x86
		{0B8A29FE-FA9D-4AE5-A053-86EF794B7291}.Ad-Hoc|x86.Build.0 = Release|x86
		{0B8A29FE-FA9D-4AE5-A053-86EF794B7291}.Ad-Hoc|x86.Deploy.0 = Release|x86
		{0B8A29FE-FA9D-4AE5-A053-86EF794B7291}.AppStore|Any CPU.ActiveCfg = Release|x64
		{0B8A29FE-FA9D-4AE5-A053-86EF794B7291}.AppStore|Any CPU.Build.0 = Release|x64
		{0B8A29FE-FA9D-4AE5-A053-86EF794B7291}.AppStore|Any CPU.Deploy.0 = Release|x64
		{0B8A29FE-FA9D-4AE5-A053-86EF794B7291}.AppStore|ARM.ActiveCfg = Release|ARM
		{0B8A29FE-FA9D-4AE5-A053-86EF794B7291}.AppStore|ARM.Build.0 = Release|ARM
		{0B8A29FE-FA9D-4AE5-A053-86EF794B7291}.AppStore|ARM.Deploy.0 = Release|ARM
		{0B8A29FE-FA9D-4AE5-A053-86EF794B7291}.AppStore|iPhone.ActiveCfg = Release|x64
		{0B8A29FE-FA9D-4AE5-A053-86EF794B7291}.AppStore|iPhone.Build.0 = Release|x64
		{0B8A29FE-FA9D-4AE5-A053-86EF794B7291}.AppStore|iPhone.Deploy.0 = Release|x64
		{0B8A29FE-FA9D-4AE5-A053-86EF794B7291}.AppStore|iPhoneSimulator.ActiveCfg = Release|x64
		{0B8A29FE-FA9D-4AE5-A053-86EF794B7291}.AppStore|iPhoneSimulator.Build.0 = Release|x64
		{0B8A29FE-FA9D-4AE5-A053-86EF794B7291}.AppStore|iPhoneSimulator.Deploy.0 = Release|x64
		{0B8A29FE-FA9D-4AE5-A053-86EF794B7291}.AppStore|x64.ActiveCfg = Release|x64
		{0B8A29FE-FA9D-4AE5-A053-86EF794B7291}.AppStore|x64.Build.0 = Release|x64
		{0B8A29FE-FA9D-4AE5-A053-86EF794B7291}.AppStore|x64.Deploy.0 = Release|x64
		{0B8A29FE-FA9D-4AE5-A053-86EF794B7291}.AppStore|x86.ActiveCfg = Release|x86
		{0B8A29FE-FA9D-4AE5-A053-86EF794B7291}.AppStore|x86.Build.0 = Release|x86
		{0B8A29FE-FA9D-4AE5-A053-86EF794B7291}.AppStore|x86.Deploy.0 = Release|x86
		{0B8A29FE-FA9D-4AE5-A053-86EF794B7291}.Debug|Any CPU.ActiveCfg = Debug|x86
		{0B8A29FE-FA9D-4AE5-A053-86EF794B7291}.Debug|ARM.ActiveCfg = Debug|ARM
		{0B8A29FE-FA9D-4AE5-A053-86EF794B7291}.Debug|ARM.Build.0 = Debug|ARM
		{0B8A29FE-FA9D-4AE5-A053-86EF794B7291}.Debug|ARM.Deploy.0 = Debug|ARM
		{0B8A29FE-FA9D-4AE5-A053-86EF794B7291}.Debug|iPhone.ActiveCfg = Debug|x86
		{0B8A29FE-FA9D-4AE5-A053-86EF794B7291}.Debug|iPhoneSimulator.ActiveCfg = Debug|x86
		{0B8A29FE-FA9D-4AE5-A053-86EF794B7291}.Debug|x64.ActiveCfg = Debug|x64
		{0B8A29FE-FA9D-4AE5-A053-86EF794B7291}.Debug|x64.Build.0 = Debug|x64
		{0B8A29FE-FA9D-4AE5-A053-86EF794B7291}.Debug|x64.Deploy.0 = Debug|x64
		{0B8A29FE-FA9D-4AE5-A053-86EF794B7291}.Debug|x86.ActiveCfg = Debug|x86
		{0B8A29FE-FA9D-4AE5-A053-86EF794B7291}.Debug|x86.Build.0 = Debug|x86
		{0B8A29FE-FA9D-4AE5-A053-86EF794B7291}.Debug|x86.Deploy.0 = Debug|x86
		{0B8A29FE-FA9D-4AE5-A053-86EF794B7291}.Release|Any CPU.ActiveCfg = Release|x86
		{0B8A29FE-FA9D-4AE5-A053-86EF794B7291}.Release|ARM.ActiveCfg = Release|ARM
		{0B8A29FE-FA9D-4AE5-A053-86EF794B7291}.Release|ARM.Build.0 = Release|ARM
		{0B8A29FE-FA9D-4AE5-A053-86EF794B7291}.Release|ARM.Deploy.0 = Release|ARM
		{0B8A29FE-FA9D-4AE5-A053-86EF794B7291}.Release|iPhone.ActiveCfg = Release|x86
		{0B8A29FE-FA9D-4AE5-A053-86EF794B7291}.Release|iPhoneSimulator.ActiveCfg = Release|x86
		{0B8A29FE-FA9D-4AE5-A053-86EF794B7291}.Release|x64.ActiveCfg = Release|x64
		{0B8A29FE-FA9D-4AE5-A053-86EF794B7291}.Release|x64.Build.0 = Release|x64
		{0B8A29FE-FA9D-4AE5-A053-86EF794B7291}.Release|x64.Deploy.0 = Release|x64
		{0B8A29FE-FA9D-4AE5-A053-86EF794B7291}.Release|x86.ActiveCfg = Release|x86
		{0B8A29FE-FA9D-4AE5-A053-86EF794B7291}.Release|x86.Build.0 = Release|x86
		{0B8A29FE-FA9D-4AE5-A053-86EF794B7291}.Release|x86.Deploy.0 = Release|x86
		{9BD1BEDD-7892-4563-BE4A-892D328C2B4C}.Ad-Hoc|Any CPU.ActiveCfg = Release|Any CPU
		{9BD1BEDD-7892-4563-BE4A-892D328C2B4C}.Ad-Hoc|Any CPU.Build.0 = Release|Any CPU
		{9BD1BEDD-7892-4563-BE4A-892D328C2B4C}.Ad-Hoc|Any CPU.Deploy.0 = Release|Any CPU
		{9BD1BEDD-7892-4563-BE4A-892D328C2B4C}.Ad-Hoc|ARM.ActiveCfg = Release|Any CPU
		{9BD1BEDD-7892-4563-BE4A-892D328C2B4C}.Ad-Hoc|ARM.Build.0 = Release|Any CPU
		{9BD1BEDD-7892-4563-BE4A-892D328C2B4C}.Ad-Hoc|ARM.Deploy.0 = Release|Any CPU
		{9BD1BEDD-7892-4563-BE4A-892D328C2B4C}.Ad-Hoc|iPhone.ActiveCfg = Release|Any CPU
		{9BD1BEDD-7892-4563-BE4A-892D328C2B4C}.Ad-Hoc|iPhone.Build.0 = Release|Any CPU
		{9BD1BEDD-7892-4563-BE4A-892D328C2B4C}.Ad-Hoc|iPhone.Deploy.0 = Release|Any CPU
		{9BD1BEDD-7892-4563-BE4A-892D328C2B4C}.Ad-Hoc|iPhoneSimulator.ActiveCfg = Release|Any CPU
		{9BD1BEDD-7892-4563-BE4A-892D328C2B4C}.Ad-Hoc|iPhoneSimulator.Build.0 = Release|Any CPU
		{9BD1BEDD-7892-4563-BE4A-892D328C2B4C}.Ad-Hoc|iPhoneSimulator.Deploy.0 = Release|Any CPU
		{9BD1BEDD-7892-4563-BE4A-892D328C2B4C}.Ad-Hoc|x64.ActiveCfg = Release|Any CPU
		{9BD1BEDD-7892-4563-BE4A-892D328C2B4C}.Ad-Hoc|x64.Build.0 = Release|Any CPU
		{9BD1BEDD-7892-4563-BE4A-892D328C2B4C}.Ad-Hoc|x64.Deploy.0 = Release|Any CPU
		{9BD1BEDD-7892-4563-BE4A-892D328C2B4C}.Ad-Hoc|x86.ActiveCfg = Release|Any CPU
		{9BD1BEDD-7892-4563-BE4A-892D328C2B4C}.Ad-Hoc|x86.Build.0 = Release|Any CPU
		{9BD1BEDD-7892-4563-BE4A-892D328C2B4C}.Ad-Hoc|x86.Deploy.0 = Release|Any CPU
		{9BD1BEDD-7892-4563-BE4A-892D328C2B4C}.AppStore|Any CPU.ActiveCfg = Release|Any CPU
		{9BD1BEDD-7892-4563-BE4A-892D328C2B4C}.AppStore|Any CPU.Build.0 = Release|Any CPU
		{9BD1BEDD-7892-4563-BE4A-892D328C2B4C}.AppStore|Any CPU.Deploy.0 = Release|Any CPU
		{9BD1BEDD-7892-4563-BE4A-892D328C2B4C}.AppStore|ARM.ActiveCfg = Release|Any CPU
		{9BD1BEDD-7892-4563-BE4A-892D328C2B4C}.AppStore|ARM.Build.0 = Release|Any CPU
		{9BD1BEDD-7892-4563-BE4A-892D328C2B4C}.AppStore|ARM.Deploy.0 = Release|Any CPU
		{9BD1BEDD-7892-4563-BE4A-892D328C2B4C}.AppStore|iPhone.ActiveCfg = Release|Any CPU
		{9BD1BEDD-7892-4563-BE4A-892D328C2B4C}.AppStore|iPhone.Build.0 = Release|Any CPU
		{9BD1BEDD-7892-4563-BE4A-892D328C2B4C}.AppStore|iPhone.Deploy.0 = Release|Any CPU
		{9BD1BEDD-7892-4563-BE4A-892D328C2B4C}.AppStore|iPhoneSimulator.ActiveCfg = Release|Any CPU
		{9BD1BEDD-7892-4563-BE4A-892D328C2B4C}.AppStore|iPhoneSimulator.Build.0 = Release|Any CPU
		{9BD1BEDD-7892-4563-BE4A-892D328C2B4C}.AppStore|iPhoneSimulator.Deploy.0 = Release|Any CPU
		{9BD1BEDD-7892-4563-BE4A-892D328C2B4C}.AppStore|x64.ActiveCfg = Release|Any CPU
		{9BD1BEDD-7892-4563-BE4A-892D328C2B4C}.AppStore|x64.Build.0 = Release|Any CPU
		{9BD1BEDD-7892-4563-BE4A-892D328C2B4C}.AppStore|x64.Deploy.0 = Release|Any CPU
		{9BD1BEDD-7892-4563-BE4A-892D328C2B4C}.AppStore|x86.ActiveCfg = Release|Any CPU
		{9BD1BEDD-7892-4563-BE4A-892D328C2B4C}.AppStore|x86.Build.0 = Release|Any CPU
		{9BD1BEDD-7892-4563-BE4A-892D328C2B4C}.AppStore|x86.Deploy.0 = Release|Any CPU
		{9BD1BEDD-7892-4563-BE4A-892D328C2B4C}.Debug|Any CPU.ActiveCfg = Debug|Any CPU
		{9BD1BEDD-7892-4563-BE4A-892D328C2B4C}.Debug|Any CPU.Build.0 = Debug|Any CPU
		{9BD1BEDD-7892-4563-BE4A-892D328C2B4C}.Debug|Any CPU.Deploy.0 = Debug|Any CPU
		{9BD1BEDD-7892-4563-BE4A-892D328C2B4C}.Debug|ARM.ActiveCfg = Debug|Any CPU
		{9BD1BEDD-7892-4563-BE4A-892D328C2B4C}.Debug|ARM.Build.0 = Debug|Any CPU
		{9BD1BEDD-7892-4563-BE4A-892D328C2B4C}.Debug|ARM.Deploy.0 = Debug|Any CPU
		{9BD1BEDD-7892-4563-BE4A-892D328C2B4C}.Debug|iPhone.ActiveCfg = Debug|Any CPU
		{9BD1BEDD-7892-4563-BE4A-892D328C2B4C}.Debug|iPhone.Build.0 = Debug|Any CPU
		{9BD1BEDD-7892-4563-BE4A-892D328C2B4C}.Debug|iPhone.Deploy.0 = Debug|Any CPU
		{9BD1BEDD-7892-4563-BE4A-892D328C2B4C}.Debug|iPhoneSimulator.ActiveCfg = Debug|Any CPU
		{9BD1BEDD-7892-4563-BE4A-892D328C2B4C}.Debug|iPhoneSimulator.Build.0 = Debug|Any CPU
		{9BD1BEDD-7892-4563-BE4A-892D328C2B4C}.Debug|iPhoneSimulator.Deploy.0 = Debug|Any CPU
		{9BD1BEDD-7892-4563-BE4A-892D328C2B4C}.Debug|x64.ActiveCfg = Debug|Any CPU
		{9BD1BEDD-7892-4563-BE4A-892D328C2B4C}.Debug|x64.Build.0 = Debug|Any CPU
		{9BD1BEDD-7892-4563-BE4A-892D328C2B4C}.Debug|x64.Deploy.0 = Debug|Any CPU
		{9BD1BEDD-7892-4563-BE4A-892D328C2B4C}.Debug|x86.ActiveCfg = Debug|Any CPU
		{9BD1BEDD-7892-4563-BE4A-892D328C2B4C}.Debug|x86.Build.0 = Debug|Any CPU
		{9BD1BEDD-7892-4563-BE4A-892D328C2B4C}.Debug|x86.Deploy.0 = Debug|Any CPU
		{9BD1BEDD-7892-4563-BE4A-892D328C2B4C}.Release|Any CPU.ActiveCfg = Release|Any CPU
		{9BD1BEDD-7892-4563-BE4A-892D328C2B4C}.Release|Any CPU.Build.0 = Release|Any CPU
		{9BD1BEDD-7892-4563-BE4A-892D328C2B4C}.Release|Any CPU.Deploy.0 = Release|Any CPU
		{9BD1BEDD-7892-4563-BE4A-892D328C2B4C}.Release|ARM.ActiveCfg = Release|Any CPU
		{9BD1BEDD-7892-4563-BE4A-892D328C2B4C}.Release|ARM.Build.0 = Release|Any CPU
		{9BD1BEDD-7892-4563-BE4A-892D328C2B4C}.Release|ARM.Deploy.0 = Release|Any CPU
		{9BD1BEDD-7892-4563-BE4A-892D328C2B4C}.Release|iPhone.ActiveCfg = Release|Any CPU
		{9BD1BEDD-7892-4563-BE4A-892D328C2B4C}.Release|iPhone.Build.0 = Release|Any CPU
		{9BD1BEDD-7892-4563-BE4A-892D328C2B4C}.Release|iPhone.Deploy.0 = Release|Any CPU
		{9BD1BEDD-7892-4563-BE4A-892D328C2B4C}.Release|iPhoneSimulator.ActiveCfg = Release|Any CPU
		{9BD1BEDD-7892-4563-BE4A-892D328C2B4C}.Release|iPhoneSimulator.Build.0 = Release|Any CPU
		{9BD1BEDD-7892-4563-BE4A-892D328C2B4C}.Release|iPhoneSimulator.Deploy.0 = Release|Any CPU
		{9BD1BEDD-7892-4563-BE4A-892D328C2B4C}.Release|x64.ActiveCfg = Release|Any CPU
		{9BD1BEDD-7892-4563-BE4A-892D328C2B4C}.Release|x64.Build.0 = Release|Any CPU
		{9BD1BEDD-7892-4563-BE4A-892D328C2B4C}.Release|x64.Deploy.0 = Release|Any CPU
		{9BD1BEDD-7892-4563-BE4A-892D328C2B4C}.Release|x86.ActiveCfg = Release|Any CPU
		{9BD1BEDD-7892-4563-BE4A-892D328C2B4C}.Release|x86.Build.0 = Release|Any CPU
		{9BD1BEDD-7892-4563-BE4A-892D328C2B4C}.Release|x86.Deploy.0 = Release|Any CPU
		{7A8F22E6-CC33-45E0-BFDA-C0DE691146D8}.Ad-Hoc|Any CPU.ActiveCfg = Ad-Hoc|iPhone
		{7A8F22E6-CC33-45E0-BFDA-C0DE691146D8}.Ad-Hoc|ARM.ActiveCfg = Ad-Hoc|iPhone
		{7A8F22E6-CC33-45E0-BFDA-C0DE691146D8}.Ad-Hoc|iPhone.ActiveCfg = Ad-Hoc|iPhone
		{7A8F22E6-CC33-45E0-BFDA-C0DE691146D8}.Ad-Hoc|iPhone.Build.0 = Ad-Hoc|iPhone
		{7A8F22E6-CC33-45E0-BFDA-C0DE691146D8}.Ad-Hoc|iPhoneSimulator.ActiveCfg = Ad-Hoc|iPhoneSimulator
		{7A8F22E6-CC33-45E0-BFDA-C0DE691146D8}.Ad-Hoc|iPhoneSimulator.Build.0 = Ad-Hoc|iPhoneSimulator
		{7A8F22E6-CC33-45E0-BFDA-C0DE691146D8}.Ad-Hoc|x64.ActiveCfg = Ad-Hoc|iPhone
		{7A8F22E6-CC33-45E0-BFDA-C0DE691146D8}.Ad-Hoc|x86.ActiveCfg = Ad-Hoc|iPhone
		{7A8F22E6-CC33-45E0-BFDA-C0DE691146D8}.AppStore|Any CPU.ActiveCfg = AppStore|iPhone
		{7A8F22E6-CC33-45E0-BFDA-C0DE691146D8}.AppStore|ARM.ActiveCfg = AppStore|iPhone
		{7A8F22E6-CC33-45E0-BFDA-C0DE691146D8}.AppStore|iPhone.ActiveCfg = AppStore|iPhone
		{7A8F22E6-CC33-45E0-BFDA-C0DE691146D8}.AppStore|iPhone.Build.0 = AppStore|iPhone
		{7A8F22E6-CC33-45E0-BFDA-C0DE691146D8}.AppStore|iPhoneSimulator.ActiveCfg = AppStore|iPhoneSimulator
		{7A8F22E6-CC33-45E0-BFDA-C0DE691146D8}.AppStore|iPhoneSimulator.Build.0 = AppStore|iPhoneSimulator
		{7A8F22E6-CC33-45E0-BFDA-C0DE691146D8}.AppStore|x64.ActiveCfg = AppStore|iPhone
		{7A8F22E6-CC33-45E0-BFDA-C0DE691146D8}.AppStore|x86.ActiveCfg = AppStore|iPhone
		{7A8F22E6-CC33-45E0-BFDA-C0DE691146D8}.Debug|Any CPU.ActiveCfg = Debug|iPhone
		{7A8F22E6-CC33-45E0-BFDA-C0DE691146D8}.Debug|ARM.ActiveCfg = Debug|iPhone
		{7A8F22E6-CC33-45E0-BFDA-C0DE691146D8}.Debug|iPhone.ActiveCfg = Debug|iPhone
		{7A8F22E6-CC33-45E0-BFDA-C0DE691146D8}.Debug|iPhone.Build.0 = Debug|iPhone
		{7A8F22E6-CC33-45E0-BFDA-C0DE691146D8}.Debug|iPhoneSimulator.ActiveCfg = Debug|iPhoneSimulator
		{7A8F22E6-CC33-45E0-BFDA-C0DE691146D8}.Debug|iPhoneSimulator.Build.0 = Debug|iPhoneSimulator
		{7A8F22E6-CC33-45E0-BFDA-C0DE691146D8}.Debug|x64.ActiveCfg = Debug|iPhone
		{7A8F22E6-CC33-45E0-BFDA-C0DE691146D8}.Debug|x86.ActiveCfg = Debug|iPhone
		{7A8F22E6-CC33-45E0-BFDA-C0DE691146D8}.Release|Any CPU.ActiveCfg = Release|iPhone
		{7A8F22E6-CC33-45E0-BFDA-C0DE691146D8}.Release|ARM.ActiveCfg = Release|iPhone
		{7A8F22E6-CC33-45E0-BFDA-C0DE691146D8}.Release|iPhone.ActiveCfg = Release|iPhone
		{7A8F22E6-CC33-45E0-BFDA-C0DE691146D8}.Release|iPhone.Build.0 = Release|iPhone
		{7A8F22E6-CC33-45E0-BFDA-C0DE691146D8}.Release|iPhoneSimulator.ActiveCfg = Release|iPhoneSimulator
		{7A8F22E6-CC33-45E0-BFDA-C0DE691146D8}.Release|iPhoneSimulator.Build.0 = Release|iPhoneSimulator
		{7A8F22E6-CC33-45E0-BFDA-C0DE691146D8}.Release|x64.ActiveCfg = Release|iPhone
		{7A8F22E6-CC33-45E0-BFDA-C0DE691146D8}.Release|x86.ActiveCfg = Release|iPhone
		{9C89A6F7-CEAB-4178-8534-87C81B95B6A6}.Ad-Hoc|Any CPU.ActiveCfg = Debug|Any CPU
		{9C89A6F7-CEAB-4178-8534-87C81B95B6A6}.Ad-Hoc|Any CPU.Build.0 = Debug|Any CPU
		{9C89A6F7-CEAB-4178-8534-87C81B95B6A6}.Ad-Hoc|ARM.ActiveCfg = Debug|Any CPU
		{9C89A6F7-CEAB-4178-8534-87C81B95B6A6}.Ad-Hoc|ARM.Build.0 = Debug|Any CPU
		{9C89A6F7-CEAB-4178-8534-87C81B95B6A6}.Ad-Hoc|iPhone.ActiveCfg = Debug|Any CPU
		{9C89A6F7-CEAB-4178-8534-87C81B95B6A6}.Ad-Hoc|iPhone.Build.0 = Debug|Any CPU
		{9C89A6F7-CEAB-4178-8534-87C81B95B6A6}.Ad-Hoc|iPhoneSimulator.ActiveCfg = Debug|Any CPU
		{9C89A6F7-CEAB-4178-8534-87C81B95B6A6}.Ad-Hoc|iPhoneSimulator.Build.0 = Debug|Any CPU
		{9C89A6F7-CEAB-4178-8534-87C81B95B6A6}.Ad-Hoc|x64.ActiveCfg = Debug|Any CPU
		{9C89A6F7-CEAB-4178-8534-87C81B95B6A6}.Ad-Hoc|x64.Build.0 = Debug|Any CPU
		{9C89A6F7-CEAB-4178-8534-87C81B95B6A6}.Ad-Hoc|x86.ActiveCfg = Debug|Any CPU
		{9C89A6F7-CEAB-4178-8534-87C81B95B6A6}.Ad-Hoc|x86.Build.0 = Debug|Any CPU
		{9C89A6F7-CEAB-4178-8534-87C81B95B6A6}.AppStore|Any CPU.ActiveCfg = Debug|Any CPU
		{9C89A6F7-CEAB-4178-8534-87C81B95B6A6}.AppStore|Any CPU.Build.0 = Debug|Any CPU
		{9C89A6F7-CEAB-4178-8534-87C81B95B6A6}.AppStore|ARM.ActiveCfg = Debug|Any CPU
		{9C89A6F7-CEAB-4178-8534-87C81B95B6A6}.AppStore|ARM.Build.0 = Debug|Any CPU
		{9C89A6F7-CEAB-4178-8534-87C81B95B6A6}.AppStore|iPhone.ActiveCfg = Debug|Any CPU
		{9C89A6F7-CEAB-4178-8534-87C81B95B6A6}.AppStore|iPhone.Build.0 = Debug|Any CPU
		{9C89A6F7-CEAB-4178-8534-87C81B95B6A6}.AppStore|iPhoneSimulator.ActiveCfg = Debug|Any CPU
		{9C89A6F7-CEAB-4178-8534-87C81B95B6A6}.AppStore|iPhoneSimulator.Build.0 = Debug|Any CPU
		{9C89A6F7-CEAB-4178-8534-87C81B95B6A6}.AppStore|x64.ActiveCfg = Debug|Any CPU
		{9C89A6F7-CEAB-4178-8534-87C81B95B6A6}.AppStore|x64.Build.0 = Debug|Any CPU
		{9C89A6F7-CEAB-4178-8534-87C81B95B6A6}.AppStore|x86.ActiveCfg = Debug|Any CPU
		{9C89A6F7-CEAB-4178-8534-87C81B95B6A6}.AppStore|x86.Build.0 = Debug|Any CPU
		{9C89A6F7-CEAB-4178-8534-87C81B95B6A6}.Debug|Any CPU.ActiveCfg = Debug|Any CPU
		{9C89A6F7-CEAB-4178-8534-87C81B95B6A6}.Debug|Any CPU.Build.0 = Debug|Any CPU
		{9C89A6F7-CEAB-4178-8534-87C81B95B6A6}.Debug|ARM.ActiveCfg = Debug|Any CPU
		{9C89A6F7-CEAB-4178-8534-87C81B95B6A6}.Debug|ARM.Build.0 = Debug|Any CPU
		{9C89A6F7-CEAB-4178-8534-87C81B95B6A6}.Debug|iPhone.ActiveCfg = Debug|Any CPU
		{9C89A6F7-CEAB-4178-8534-87C81B95B6A6}.Debug|iPhone.Build.0 = Debug|Any CPU
		{9C89A6F7-CEAB-4178-8534-87C81B95B6A6}.Debug|iPhoneSimulator.ActiveCfg = Debug|Any CPU
		{9C89A6F7-CEAB-4178-8534-87C81B95B6A6}.Debug|iPhoneSimulator.Build.0 = Debug|Any CPU
		{9C89A6F7-CEAB-4178-8534-87C81B95B6A6}.Debug|x64.ActiveCfg = Debug|Any CPU
		{9C89A6F7-CEAB-4178-8534-87C81B95B6A6}.Debug|x64.Build.0 = Debug|Any CPU
		{9C89A6F7-CEAB-4178-8534-87C81B95B6A6}.Debug|x86.ActiveCfg = Debug|Any CPU
		{9C89A6F7-CEAB-4178-8534-87C81B95B6A6}.Debug|x86.Build.0 = Debug|Any CPU
		{9C89A6F7-CEAB-4178-8534-87C81B95B6A6}.Release|Any CPU.ActiveCfg = Release|Any CPU
		{9C89A6F7-CEAB-4178-8534-87C81B95B6A6}.Release|Any CPU.Build.0 = Release|Any CPU
		{9C89A6F7-CEAB-4178-8534-87C81B95B6A6}.Release|ARM.ActiveCfg = Release|Any CPU
		{9C89A6F7-CEAB-4178-8534-87C81B95B6A6}.Release|ARM.Build.0 = Release|Any CPU
		{9C89A6F7-CEAB-4178-8534-87C81B95B6A6}.Release|iPhone.ActiveCfg = Release|Any CPU
		{9C89A6F7-CEAB-4178-8534-87C81B95B6A6}.Release|iPhone.Build.0 = Release|Any CPU
		{9C89A6F7-CEAB-4178-8534-87C81B95B6A6}.Release|iPhoneSimulator.ActiveCfg = Release|Any CPU
		{9C89A6F7-CEAB-4178-8534-87C81B95B6A6}.Release|iPhoneSimulator.Build.0 = Release|Any CPU
		{9C89A6F7-CEAB-4178-8534-87C81B95B6A6}.Release|x64.ActiveCfg = Release|Any CPU
		{9C89A6F7-CEAB-4178-8534-87C81B95B6A6}.Release|x64.Build.0 = Release|Any CPU
		{9C89A6F7-CEAB-4178-8534-87C81B95B6A6}.Release|x86.ActiveCfg = Release|Any CPU
		{9C89A6F7-CEAB-4178-8534-87C81B95B6A6}.Release|x86.Build.0 = Release|Any CPU
		{0E1A36D0-A20E-4521-B47A-5DB06BE6501F}.Ad-Hoc|Any CPU.ActiveCfg = Release|Any CPU
		{0E1A36D0-A20E-4521-B47A-5DB06BE6501F}.Ad-Hoc|Any CPU.Build.0 = Release|Any CPU
		{0E1A36D0-A20E-4521-B47A-5DB06BE6501F}.Ad-Hoc|Any CPU.Deploy.0 = Release|Any CPU
		{0E1A36D0-A20E-4521-B47A-5DB06BE6501F}.Ad-Hoc|ARM.ActiveCfg = Release|ARM
		{0E1A36D0-A20E-4521-B47A-5DB06BE6501F}.Ad-Hoc|ARM.Build.0 = Release|ARM
		{0E1A36D0-A20E-4521-B47A-5DB06BE6501F}.Ad-Hoc|ARM.Deploy.0 = Release|ARM
		{0E1A36D0-A20E-4521-B47A-5DB06BE6501F}.Ad-Hoc|iPhone.ActiveCfg = Release|Any CPU
		{0E1A36D0-A20E-4521-B47A-5DB06BE6501F}.Ad-Hoc|iPhone.Build.0 = Release|Any CPU
		{0E1A36D0-A20E-4521-B47A-5DB06BE6501F}.Ad-Hoc|iPhone.Deploy.0 = Release|Any CPU
		{0E1A36D0-A20E-4521-B47A-5DB06BE6501F}.Ad-Hoc|iPhoneSimulator.ActiveCfg = Release|Any CPU
		{0E1A36D0-A20E-4521-B47A-5DB06BE6501F}.Ad-Hoc|iPhoneSimulator.Build.0 = Release|Any CPU
		{0E1A36D0-A20E-4521-B47A-5DB06BE6501F}.Ad-Hoc|iPhoneSimulator.Deploy.0 = Release|Any CPU
		{0E1A36D0-A20E-4521-B47A-5DB06BE6501F}.Ad-Hoc|x64.ActiveCfg = Release|Any CPU
		{0E1A36D0-A20E-4521-B47A-5DB06BE6501F}.Ad-Hoc|x64.Build.0 = Release|Any CPU
		{0E1A36D0-A20E-4521-B47A-5DB06BE6501F}.Ad-Hoc|x64.Deploy.0 = Release|Any CPU
		{0E1A36D0-A20E-4521-B47A-5DB06BE6501F}.Ad-Hoc|x86.ActiveCfg = Release|x86
		{0E1A36D0-A20E-4521-B47A-5DB06BE6501F}.Ad-Hoc|x86.Build.0 = Release|x86
		{0E1A36D0-A20E-4521-B47A-5DB06BE6501F}.Ad-Hoc|x86.Deploy.0 = Release|x86
		{0E1A36D0-A20E-4521-B47A-5DB06BE6501F}.AppStore|Any CPU.ActiveCfg = Release|Any CPU
		{0E1A36D0-A20E-4521-B47A-5DB06BE6501F}.AppStore|Any CPU.Build.0 = Release|Any CPU
		{0E1A36D0-A20E-4521-B47A-5DB06BE6501F}.AppStore|Any CPU.Deploy.0 = Release|Any CPU
		{0E1A36D0-A20E-4521-B47A-5DB06BE6501F}.AppStore|ARM.ActiveCfg = Release|ARM
		{0E1A36D0-A20E-4521-B47A-5DB06BE6501F}.AppStore|ARM.Build.0 = Release|ARM
		{0E1A36D0-A20E-4521-B47A-5DB06BE6501F}.AppStore|ARM.Deploy.0 = Release|ARM
		{0E1A36D0-A20E-4521-B47A-5DB06BE6501F}.AppStore|iPhone.ActiveCfg = Release|Any CPU
		{0E1A36D0-A20E-4521-B47A-5DB06BE6501F}.AppStore|iPhone.Build.0 = Release|Any CPU
		{0E1A36D0-A20E-4521-B47A-5DB06BE6501F}.AppStore|iPhone.Deploy.0 = Release|Any CPU
		{0E1A36D0-A20E-4521-B47A-5DB06BE6501F}.AppStore|iPhoneSimulator.ActiveCfg = Release|Any CPU
		{0E1A36D0-A20E-4521-B47A-5DB06BE6501F}.AppStore|iPhoneSimulator.Build.0 = Release|Any CPU
		{0E1A36D0-A20E-4521-B47A-5DB06BE6501F}.AppStore|iPhoneSimulator.Deploy.0 = Release|Any CPU
		{0E1A36D0-A20E-4521-B47A-5DB06BE6501F}.AppStore|x64.ActiveCfg = Release|Any CPU
		{0E1A36D0-A20E-4521-B47A-5DB06BE6501F}.AppStore|x64.Build.0 = Release|Any CPU
		{0E1A36D0-A20E-4521-B47A-5DB06BE6501F}.AppStore|x64.Deploy.0 = Release|Any CPU
		{0E1A36D0-A20E-4521-B47A-5DB06BE6501F}.AppStore|x86.ActiveCfg = Release|x86
		{0E1A36D0-A20E-4521-B47A-5DB06BE6501F}.AppStore|x86.Build.0 = Release|x86
		{0E1A36D0-A20E-4521-B47A-5DB06BE6501F}.AppStore|x86.Deploy.0 = Release|x86
		{0E1A36D0-A20E-4521-B47A-5DB06BE6501F}.Debug|Any CPU.ActiveCfg = Debug|Any CPU
		{0E1A36D0-A20E-4521-B47A-5DB06BE6501F}.Debug|Any CPU.Build.0 = Debug|Any CPU
		{0E1A36D0-A20E-4521-B47A-5DB06BE6501F}.Debug|Any CPU.Deploy.0 = Debug|Any CPU
		{0E1A36D0-A20E-4521-B47A-5DB06BE6501F}.Debug|ARM.ActiveCfg = Debug|ARM
		{0E1A36D0-A20E-4521-B47A-5DB06BE6501F}.Debug|ARM.Build.0 = Debug|ARM
		{0E1A36D0-A20E-4521-B47A-5DB06BE6501F}.Debug|ARM.Deploy.0 = Debug|ARM
		{0E1A36D0-A20E-4521-B47A-5DB06BE6501F}.Debug|iPhone.ActiveCfg = Debug|Any CPU
		{0E1A36D0-A20E-4521-B47A-5DB06BE6501F}.Debug|iPhone.Build.0 = Debug|Any CPU
		{0E1A36D0-A20E-4521-B47A-5DB06BE6501F}.Debug|iPhone.Deploy.0 = Debug|Any CPU
		{0E1A36D0-A20E-4521-B47A-5DB06BE6501F}.Debug|iPhoneSimulator.ActiveCfg = Debug|Any CPU
		{0E1A36D0-A20E-4521-B47A-5DB06BE6501F}.Debug|iPhoneSimulator.Build.0 = Debug|Any CPU
		{0E1A36D0-A20E-4521-B47A-5DB06BE6501F}.Debug|iPhoneSimulator.Deploy.0 = Debug|Any CPU
		{0E1A36D0-A20E-4521-B47A-5DB06BE6501F}.Debug|x64.ActiveCfg = Debug|Any CPU
		{0E1A36D0-A20E-4521-B47A-5DB06BE6501F}.Debug|x64.Build.0 = Debug|Any CPU
		{0E1A36D0-A20E-4521-B47A-5DB06BE6501F}.Debug|x64.Deploy.0 = Debug|Any CPU
		{0E1A36D0-A20E-4521-B47A-5DB06BE6501F}.Debug|x86.ActiveCfg = Debug|x86
		{0E1A36D0-A20E-4521-B47A-5DB06BE6501F}.Debug|x86.Build.0 = Debug|x86
		{0E1A36D0-A20E-4521-B47A-5DB06BE6501F}.Debug|x86.Deploy.0 = Debug|x86
		{0E1A36D0-A20E-4521-B47A-5DB06BE6501F}.Release|Any CPU.ActiveCfg = Release|Any CPU
		{0E1A36D0-A20E-4521-B47A-5DB06BE6501F}.Release|Any CPU.Build.0 = Release|Any CPU
		{0E1A36D0-A20E-4521-B47A-5DB06BE6501F}.Release|Any CPU.Deploy.0 = Release|Any CPU
		{0E1A36D0-A20E-4521-B47A-5DB06BE6501F}.Release|ARM.ActiveCfg = Release|ARM
		{0E1A36D0-A20E-4521-B47A-5DB06BE6501F}.Release|ARM.Build.0 = Release|ARM
		{0E1A36D0-A20E-4521-B47A-5DB06BE6501F}.Release|ARM.Deploy.0 = Release|ARM
		{0E1A36D0-A20E-4521-B47A-5DB06BE6501F}.Release|iPhone.ActiveCfg = Release|Any CPU
		{0E1A36D0-A20E-4521-B47A-5DB06BE6501F}.Release|iPhone.Build.0 = Release|Any CPU
		{0E1A36D0-A20E-4521-B47A-5DB06BE6501F}.Release|iPhone.Deploy.0 = Release|Any CPU
		{0E1A36D0-A20E-4521-B47A-5DB06BE6501F}.Release|iPhoneSimulator.ActiveCfg = Release|Any CPU
		{0E1A36D0-A20E-4521-B47A-5DB06BE6501F}.Release|iPhoneSimulator.Build.0 = Release|Any CPU
		{0E1A36D0-A20E-4521-B47A-5DB06BE6501F}.Release|iPhoneSimulator.Deploy.0 = Release|Any CPU
		{0E1A36D0-A20E-4521-B47A-5DB06BE6501F}.Release|x64.ActiveCfg = Release|Any CPU
		{0E1A36D0-A20E-4521-B47A-5DB06BE6501F}.Release|x64.Build.0 = Release|Any CPU
		{0E1A36D0-A20E-4521-B47A-5DB06BE6501F}.Release|x64.Deploy.0 = Release|Any CPU
		{0E1A36D0-A20E-4521-B47A-5DB06BE6501F}.Release|x86.ActiveCfg = Release|x86
		{0E1A36D0-A20E-4521-B47A-5DB06BE6501F}.Release|x86.Build.0 = Release|x86
		{0E1A36D0-A20E-4521-B47A-5DB06BE6501F}.Release|x86.Deploy.0 = Release|x86
	EndGlobalSection
	GlobalSection(SolutionProperties) = preSolution
		HideSolutionNode = FALSE
	EndGlobalSection
EndGlobal
